// !$*UTF8*$!
{
	archiveVersion = 1;
	classes = {
	};
	objectVersion = 50;
	objects = {

/* Begin PBXBuildFile section */
		8C89EF54252ED4B40077C546 /* AppDelegate.swift in Sources */ = {isa = PBXBuildFile; fileRef = 8C89EF53252ED4B40077C546 /* AppDelegate.swift */; };
		8C89EF56252ED4B40077C546 /* art.scnassets in Resources */ = {isa = PBXBuildFile; fileRef = 8C89EF55252ED4B40077C546 /* art.scnassets */; };
		8C89EF58252ED4B40077C546 /* ViewController.swift in Sources */ = {isa = PBXBuildFile; fileRef = 8C89EF57252ED4B40077C546 /* ViewController.swift */; };
		8C89EF5B252ED4B40077C546 /* Main.storyboard in Resources */ = {isa = PBXBuildFile; fileRef = 8C89EF59252ED4B40077C546 /* Main.storyboard */; };
		8C89EF5D252ED4B60077C546 /* Assets.xcassets in Resources */ = {isa = PBXBuildFile; fileRef = 8C89EF5C252ED4B60077C546 /* Assets.xcassets */; };
		8C89EF60252ED4B60077C546 /* LaunchScreen.storyboard in Resources */ = {isa = PBXBuildFile; fileRef = 8C89EF5E252ED4B60077C546 /* LaunchScreen.storyboard */; };
		8C89EF6B252ED4B60077C546 /* ARSamplePlaneAppTests.swift in Sources */ = {isa = PBXBuildFile; fileRef = 8C89EF6A252ED4B60077C546 /* ARSamplePlaneAppTests.swift */; };
		8C89EF76252ED4B60077C546 /* ARSamplePlaneAppUITests.swift in Sources */ = {isa = PBXBuildFile; fileRef = 8C89EF75252ED4B60077C546 /* ARSamplePlaneAppUITests.swift */; };
/* End PBXBuildFile section */

/* Begin PBXContainerItemProxy section */
		8C89EF67252ED4B60077C546 /* PBXContainerItemProxy */ = {
			isa = PBXContainerItemProxy;
			containerPortal = 8C89EF48252ED4B40077C546 /* Project object */;
			proxyType = 1;
			remoteGlobalIDString = 8C89EF4F252ED4B40077C546;
			remoteInfo = ARSamplePlaneApp;
		};
		8C89EF72252ED4B60077C546 /* PBXContainerItemProxy */ = {
			isa = PBXContainerItemProxy;
			containerPortal = 8C89EF48252ED4B40077C546 /* Project object */;
			proxyType = 1;
			remoteGlobalIDString = 8C89EF4F252ED4B40077C546;
			remoteInfo = ARSamplePlaneApp;
		};
/* End PBXContainerItemProxy section */

/* Begin PBXFileReference section */
		8C89EF50252ED4B40077C546 /* ARSamplePlaneApp.app */ = {isa = PBXFileReference; explicitFileType = wrapper.application; includeInIndex = 0; path = ARSamplePlaneApp.app; sourceTree = BUILT_PRODUCTS_DIR; };
		8C89EF53252ED4B40077C546 /* AppDelegate.swift */ = {isa = PBXFileReference; lastKnownFileType = sourcecode.swift; path = AppDelegate.swift; sourceTree = "<group>"; };
		8C89EF55252ED4B40077C546 /* art.scnassets */ = {isa = PBXFileReference; lastKnownFileType = wrapper.scnassets; path = art.scnassets; sourceTree = "<group>"; };
		8C89EF57252ED4B40077C546 /* ViewController.swift */ = {isa = PBXFileReference; lastKnownFileType = sourcecode.swift; path = ViewController.swift; sourceTree = "<group>"; };
		8C89EF5A252ED4B40077C546 /* Base */ = {isa = PBXFileReference; lastKnownFileType = file.storyboard; name = Base; path = Base.lproj/Main.storyboard; sourceTree = "<group>"; };
		8C89EF5C252ED4B60077C546 /* Assets.xcassets */ = {isa = PBXFileReference; lastKnownFileType = folder.assetcatalog; path = Assets.xcassets; sourceTree = "<group>"; };
		8C89EF5F252ED4B60077C546 /* Base */ = {isa = PBXFileReference; lastKnownFileType = file.storyboard; name = Base; path = Base.lproj/LaunchScreen.storyboard; sourceTree = "<group>"; };
		8C89EF61252ED4B60077C546 /* Info.plist */ = {isa = PBXFileReference; lastKnownFileType = text.plist.xml; path = Info.plist; sourceTree = "<group>"; };
		8C89EF66252ED4B60077C546 /* ARSamplePlaneAppTests.xctest */ = {isa = PBXFileReference; explicitFileType = wrapper.cfbundle; includeInIndex = 0; path = ARSamplePlaneAppTests.xctest; sourceTree = BUILT_PRODUCTS_DIR; };
		8C89EF6A252ED4B60077C546 /* ARSamplePlaneAppTests.swift */ = {isa = PBXFileReference; lastKnownFileType = sourcecode.swift; path = ARSamplePlaneAppTests.swift; sourceTree = "<group>"; };
		8C89EF6C252ED4B60077C546 /* Info.plist */ = {isa = PBXFileReference; lastKnownFileType = text.plist.xml; path = Info.plist; sourceTree = "<group>"; };
		8C89EF71252ED4B60077C546 /* ARSamplePlaneAppUITests.xctest */ = {isa = PBXFileReference; explicitFileType = wrapper.cfbundle; includeInIndex = 0; path = ARSamplePlaneAppUITests.xctest; sourceTree = BUILT_PRODUCTS_DIR; };
		8C89EF75252ED4B60077C546 /* ARSamplePlaneAppUITests.swift */ = {isa = PBXFileReference; lastKnownFileType = sourcecode.swift; path = ARSamplePlaneAppUITests.swift; sourceTree = "<group>"; };
		8C89EF77252ED4B60077C546 /* Info.plist */ = {isa = PBXFileReference; lastKnownFileType = text.plist.xml; path = Info.plist; sourceTree = "<group>"; };
/* End PBXFileReference section */

/* Begin PBXFrameworksBuildPhase section */
		8C89EF4D252ED4B40077C546 /* Frameworks */ = {
			isa = PBXFrameworksBuildPhase;
			buildActionMask = 2147483647;
			files = (
			);
			runOnlyForDeploymentPostprocessing = 0;
		};
		8C89EF63252ED4B60077C546 /* Frameworks */ = {
			isa = PBXFrameworksBuildPhase;
			buildActionMask = 2147483647;
			files = (
			);
			runOnlyForDeploymentPostprocessing = 0;
		};
		8C89EF6E252ED4B60077C546 /* Frameworks */ = {
			isa = PBXFrameworksBuildPhase;
			buildActionMask = 2147483647;
			files = (
			);
			runOnlyForDeploymentPostprocessing = 0;
		};
/* End PBXFrameworksBuildPhase section */

/* Begin PBXGroup section */
		8C89EF47252ED4B40077C546 = {
			isa = PBXGroup;
			children = (
				8C89EF52252ED4B40077C546 /* ARSamplePlaneApp */,
				8C89EF69252ED4B60077C546 /* ARSamplePlaneAppTests */,
				8C89EF74252ED4B60077C546 /* ARSamplePlaneAppUITests */,
				8C89EF51252ED4B40077C546 /* Products */,
			);
			sourceTree = "<group>";
		};
		8C89EF51252ED4B40077C546 /* Products */ = {
			isa = PBXGroup;
			children = (
				8C89EF50252ED4B40077C546 /* ARSamplePlaneApp.app */,
				8C89EF66252ED4B60077C546 /* ARSamplePlaneAppTests.xctest */,
				8C89EF71252ED4B60077C546 /* ARSamplePlaneAppUITests.xctest */,
			);
			name = Products;
			sourceTree = "<group>";
		};
		8C89EF52252ED4B40077C546 /* ARSamplePlaneApp */ = {
			isa = PBXGroup;
			children = (
				8C89EF53252ED4B40077C546 /* AppDelegate.swift */,
				8C89EF55252ED4B40077C546 /* art.scnassets */,
				8C89EF57252ED4B40077C546 /* ViewController.swift */,
				8C89EF59252ED4B40077C546 /* Main.storyboard */,
				8C89EF5C252ED4B60077C546 /* Assets.xcassets */,
				8C89EF5E252ED4B60077C546 /* LaunchScreen.storyboard */,
				8C89EF61252ED4B60077C546 /* Info.plist */,
			);
			path = ARSamplePlaneApp;
			sourceTree = "<group>";
		};
		8C89EF69252ED4B60077C546 /* ARSamplePlaneAppTests */ = {
			isa = PBXGroup;
			children = (
				8C89EF6A252ED4B60077C546 /* ARSamplePlaneAppTests.swift */,
				8C89EF6C252ED4B60077C546 /* Info.plist */,
			);
			path = ARSamplePlaneAppTests;
			sourceTree = "<group>";
		};
		8C89EF74252ED4B60077C546 /* ARSamplePlaneAppUITests */ = {
			isa = PBXGroup;
			children = (
				8C89EF75252ED4B60077C546 /* ARSamplePlaneAppUITests.swift */,
				8C89EF77252ED4B60077C546 /* Info.plist */,
			);
			path = ARSamplePlaneAppUITests;
			sourceTree = "<group>";
		};
/* End PBXGroup section */

/* Begin PBXNativeTarget section */
		8C89EF4F252ED4B40077C546 /* ARSamplePlaneApp */ = {
			isa = PBXNativeTarget;
			buildConfigurationList = 8C89EF7A252ED4B60077C546 /* Build configuration list for PBXNativeTarget "ARSamplePlaneApp" */;
			buildPhases = (
				8C89EF4C252ED4B40077C546 /* Sources */,
				8C89EF4D252ED4B40077C546 /* Frameworks */,
				8C89EF4E252ED4B40077C546 /* Resources */,
			);
			buildRules = (
			);
			dependencies = (
			);
			name = ARSamplePlaneApp;
			productName = ARSamplePlaneApp;
			productReference = 8C89EF50252ED4B40077C546 /* ARSamplePlaneApp.app */;
			productType = "com.apple.product-type.application";
		};
		8C89EF65252ED4B60077C546 /* ARSamplePlaneAppTests */ = {
			isa = PBXNativeTarget;
			buildConfigurationList = 8C89EF7D252ED4B60077C546 /* Build configuration list for PBXNativeTarget "ARSamplePlaneAppTests" */;
			buildPhases = (
				8C89EF62252ED4B60077C546 /* Sources */,
				8C89EF63252ED4B60077C546 /* Frameworks */,
				8C89EF64252ED4B60077C546 /* Resources */,
			);
			buildRules = (
			);
			dependencies = (
				8C89EF68252ED4B60077C546 /* PBXTargetDependency */,
			);
			name = ARSamplePlaneAppTests;
			productName = ARSamplePlaneAppTests;
			productReference = 8C89EF66252ED4B60077C546 /* ARSamplePlaneAppTests.xctest */;
			productType = "com.apple.product-type.bundle.unit-test";
		};
		8C89EF70252ED4B60077C546 /* ARSamplePlaneAppUITests */ = {
			isa = PBXNativeTarget;
			buildConfigurationList = 8C89EF80252ED4B60077C546 /* Build configuration list for PBXNativeTarget "ARSamplePlaneAppUITests" */;
			buildPhases = (
				8C89EF6D252ED4B60077C546 /* Sources */,
				8C89EF6E252ED4B60077C546 /* Frameworks */,
				8C89EF6F252ED4B60077C546 /* Resources */,
			);
			buildRules = (
			);
			dependencies = (
				8C89EF73252ED4B60077C546 /* PBXTargetDependency */,
			);
			name = ARSamplePlaneAppUITests;
			productName = ARSamplePlaneAppUITests;
			productReference = 8C89EF71252ED4B60077C546 /* ARSamplePlaneAppUITests.xctest */;
			productType = "com.apple.product-type.bundle.ui-testing";
		};
/* End PBXNativeTarget section */

/* Begin PBXProject section */
		8C89EF48252ED4B40077C546 /* Project object */ = {
			isa = PBXProject;
			attributes = {
				LastSwiftUpdateCheck = 1170;
				LastUpgradeCheck = 1170;
				ORGANIZATIONNAME = "尾原徳泰";
				TargetAttributes = {
					8C89EF4F252ED4B40077C546 = {
						CreatedOnToolsVersion = 11.7;
					};
					8C89EF65252ED4B60077C546 = {
						CreatedOnToolsVersion = 11.7;
						TestTargetID = 8C89EF4F252ED4B40077C546;
					};
					8C89EF70252ED4B60077C546 = {
						CreatedOnToolsVersion = 11.7;
						TestTargetID = 8C89EF4F252ED4B40077C546;
					};
				};
			};
			buildConfigurationList = 8C89EF4B252ED4B40077C546 /* Build configuration list for PBXProject "ARSamplePlaneApp" */;
			compatibilityVersion = "Xcode 9.3";
			developmentRegion = en;
			hasScannedForEncodings = 0;
			knownRegions = (
				en,
				Base,
			);
			mainGroup = 8C89EF47252ED4B40077C546;
			productRefGroup = 8C89EF51252ED4B40077C546 /* Products */;
			projectDirPath = "";
			projectRoot = "";
			targets = (
				8C89EF4F252ED4B40077C546 /* ARSamplePlaneApp */,
				8C89EF65252ED4B60077C546 /* ARSamplePlaneAppTests */,
				8C89EF70252ED4B60077C546 /* ARSamplePlaneAppUITests */,
			);
		};
/* End PBXProject section */

/* Begin PBXResourcesBuildPhase section */
		8C89EF4E252ED4B40077C546 /* Resources */ = {
			isa = PBXResourcesBuildPhase;
			buildActionMask = 2147483647;
			files = (
				8C89EF56252ED4B40077C546 /* art.scnassets in Resources */,
				8C89EF60252ED4B60077C546 /* LaunchScreen.storyboard in Resources */,
				8C89EF5D252ED4B60077C546 /* Assets.xcassets in Resources */,
				8C89EF5B252ED4B40077C546 /* Main.storyboard in Resources */,
			);
			runOnlyForDeploymentPostprocessing = 0;
		};
		8C89EF64252ED4B60077C546 /* Resources */ = {
			isa = PBXResourcesBuildPhase;
			buildActionMask = 2147483647;
			files = (
			);
			runOnlyForDeploymentPostprocessing = 0;
		};
		8C89EF6F252ED4B60077C546 /* Resources */ = {
			isa = PBXResourcesBuildPhase;
			buildActionMask = 2147483647;
			files = (
			);
			runOnlyForDeploymentPostprocessing = 0;
		};
/* End PBXResourcesBuildPhase section */

/* Begin PBXSourcesBuildPhase section */
		8C89EF4C252ED4B40077C546 /* Sources */ = {
			isa = PBXSourcesBuildPhase;
			buildActionMask = 2147483647;
			files = (
				8C89EF58252ED4B40077C546 /* ViewController.swift in Sources */,
				8C89EF54252ED4B40077C546 /* AppDelegate.swift in Sources */,
			);
			runOnlyForDeploymentPostprocessing = 0;
		};
		8C89EF62252ED4B60077C546 /* Sources */ = {
			isa = PBXSourcesBuildPhase;
			buildActionMask = 2147483647;
			files = (
				8C89EF6B252ED4B60077C546 /* ARSamplePlaneAppTests.swift in Sources */,
			);
			runOnlyForDeploymentPostprocessing = 0;
		};
		8C89EF6D252ED4B60077C546 /* Sources */ = {
			isa = PBXSourcesBuildPhase;
			buildActionMask = 2147483647;
			files = (
				8C89EF76252ED4B60077C546 /* ARSamplePlaneAppUITests.swift in Sources */,
			);
			runOnlyForDeploymentPostprocessing = 0;
		};
/* End PBXSourcesBuildPhase section */

/* Begin PBXTargetDependency section */
		8C89EF68252ED4B60077C546 /* PBXTargetDependency */ = {
			isa = PBXTargetDependency;
			target = 8C89EF4F252ED4B40077C546 /* ARSamplePlaneApp */;
			targetProxy = 8C89EF67252ED4B60077C546 /* PBXContainerItemProxy */;
		};
		8C89EF73252ED4B60077C546 /* PBXTargetDependency */ = {
			isa = PBXTargetDependency;
			target = 8C89EF4F252ED4B40077C546 /* ARSamplePlaneApp */;
			targetProxy = 8C89EF72252ED4B60077C546 /* PBXContainerItemProxy */;
		};
/* End PBXTargetDependency section */

/* Begin PBXVariantGroup section */
		8C89EF59252ED4B40077C546 /* Main.storyboard */ = {
			isa = PBXVariantGroup;
			children = (
				8C89EF5A252ED4B40077C546 /* Base */,
			);
			name = Main.storyboard;
			sourceTree = "<group>";
		};
		8C89EF5E252ED4B60077C546 /* LaunchScreen.storyboard */ = {
			isa = PBXVariantGroup;
			children = (
				8C89EF5F252ED4B60077C546 /* Base */,
			);
			name = LaunchScreen.storyboard;
			sourceTree = "<group>";
		};
/* End PBXVariantGroup section */

/* Begin XCBuildConfiguration section */
		8C89EF78252ED4B60077C546 /* Debug */ = {
			isa = XCBuildConfiguration;
			buildSettings = {
				ALWAYS_SEARCH_USER_PATHS = NO;
				CLANG_ANALYZER_NONNULL = YES;
				CLANG_ANALYZER_NUMBER_OBJECT_CONVERSION = YES_AGGRESSIVE;
				CLANG_CXX_LANGUAGE_STANDARD = "gnu++14";
				CLANG_CXX_LIBRARY = "libc++";
				CLANG_ENABLE_MODULES = YES;
				CLANG_ENABLE_OBJC_ARC = YES;
				CLANG_ENABLE_OBJC_WEAK = YES;
				CLANG_WARN_BLOCK_CAPTURE_AUTORELEASING = YES;
				CLANG_WARN_BOOL_CONVERSION = YES;
				CLANG_WARN_COMMA = YES;
				CLANG_WARN_CONSTANT_CONVERSION = YES;
				CLANG_WARN_DEPRECATED_OBJC_IMPLEMENTATIONS = YES;
				CLANG_WARN_DIRECT_OBJC_ISA_USAGE = YES_ERROR;
				CLANG_WARN_DOCUMENTATION_COMMENTS = YES;
				CLANG_WARN_EMPTY_BODY = YES;
				CLANG_WARN_ENUM_CONVERSION = YES;
				CLANG_WARN_INFINITE_RECURSION = YES;
				CLANG_WARN_INT_CONVERSION = YES;
				CLANG_WARN_NON_LITERAL_NULL_CONVERSION = YES;
				CLANG_WARN_OBJC_IMPLICIT_RETAIN_SELF = YES;
				CLANG_WARN_OBJC_LITERAL_CONVERSION = YES;
				CLANG_WARN_OBJC_ROOT_CLASS = YES_ERROR;
				CLANG_WARN_RANGE_LOOP_ANALYSIS = YES;
				CLANG_WARN_STRICT_PROTOTYPES = YES;
				CLANG_WARN_SUSPICIOUS_MOVE = YES;
				CLANG_WARN_UNGUARDED_AVAILABILITY = YES_AGGRESSIVE;
				CLANG_WARN_UNREACHABLE_CODE = YES;
				CLANG_WARN__DUPLICATE_METHOD_MATCH = YES;
				COPY_PHASE_STRIP = NO;
				DEBUG_INFORMATION_FORMAT = dwarf;
				ENABLE_STRICT_OBJC_MSGSEND = YES;
				ENABLE_TESTABILITY = YES;
				GCC_C_LANGUAGE_STANDARD = gnu11;
				GCC_DYNAMIC_NO_PIC = NO;
				GCC_NO_COMMON_BLOCKS = YES;
				GCC_OPTIMIZATION_LEVEL = 0;
				GCC_PREPROCESSOR_DEFINITIONS = (
					"DEBUG=1",
					"$(inherited)",
				);
				GCC_WARN_64_TO_32_BIT_CONVERSION = YES;
				GCC_WARN_ABOUT_RETURN_TYPE = YES_ERROR;
				GCC_WARN_UNDECLARED_SELECTOR = YES;
				GCC_WARN_UNINITIALIZED_AUTOS = YES_AGGRESSIVE;
				GCC_WARN_UNUSED_FUNCTION = YES;
				GCC_WARN_UNUSED_VARIABLE = YES;
				IPHONEOS_DEPLOYMENT_TARGET = 13.7;
				MTL_ENABLE_DEBUG_INFO = INCLUDE_SOURCE;
				MTL_FAST_MATH = YES;
				ONLY_ACTIVE_ARCH = YES;
				SDKROOT = iphoneos;
				SWIFT_ACTIVE_COMPILATION_CONDITIONS = DEBUG;
				SWIFT_OPTIMIZATION_LEVEL = "-Onone";
			};
			name = Debug;
		};
		8C89EF79252ED4B60077C546 /* Release */ = {
			isa = XCBuildConfiguration;
			buildSettings = {
				ALWAYS_SEARCH_USER_PATHS = NO;
				CLANG_ANALYZER_NONNULL = YES;
				CLANG_ANALYZER_NUMBER_OBJECT_CONVERSION = YES_AGGRESSIVE;
				CLANG_CXX_LANGUAGE_STANDARD = "gnu++14";
				CLANG_CXX_LIBRARY = "libc++";
				CLANG_ENABLE_MODULES = YES;
				CLANG_ENABLE_OBJC_ARC = YES;
				CLANG_ENABLE_OBJC_WEAK = YES;
				CLANG_WARN_BLOCK_CAPTURE_AUTORELEASING = YES;
				CLANG_WARN_BOOL_CONVERSION = YES;
				CLANG_WARN_COMMA = YES;
				CLANG_WARN_CONSTANT_CONVERSION = YES;
				CLANG_WARN_DEPRECATED_OBJC_IMPLEMENTATIONS = YES;
				CLANG_WARN_DIRECT_OBJC_ISA_USAGE = YES_ERROR;
				CLANG_WARN_DOCUMENTATION_COMMENTS = YES;
				CLANG_WARN_EMPTY_BODY = YES;
				CLANG_WARN_ENUM_CONVERSION = YES;
				CLANG_WARN_INFINITE_RECURSION = YES;
				CLANG_WARN_INT_CONVERSION = YES;
				CLANG_WARN_NON_LITERAL_NULL_CONVERSION = YES;
				CLANG_WARN_OBJC_IMPLICIT_RETAIN_SELF = YES;
				CLANG_WARN_OBJC_LITERAL_CONVERSION = YES;
				CLANG_WARN_OBJC_ROOT_CLASS = YES_ERROR;
				CLANG_WARN_RANGE_LOOP_ANALYSIS = YES;
				CLANG_WARN_STRICT_PROTOTYPES = YES;
				CLANG_WARN_SUSPICIOUS_MOVE = YES;
				CLANG_WARN_UNGUARDED_AVAILABILITY = YES_AGGRESSIVE;
				CLANG_WARN_UNREACHABLE_CODE = YES;
				CLANG_WARN__DUPLICATE_METHOD_MATCH = YES;
				COPY_PHASE_STRIP = NO;
				DEBUG_INFORMATION_FORMAT = "dwarf-with-dsym";
				ENABLE_NS_ASSERTIONS = NO;
				ENABLE_STRICT_OBJC_MSGSEND = YES;
				GCC_C_LANGUAGE_STANDARD = gnu11;
				GCC_NO_COMMON_BLOCKS = YES;
				GCC_WARN_64_TO_32_BIT_CONVERSION = YES;
				GCC_WARN_ABOUT_RETURN_TYPE = YES_ERROR;
				GCC_WARN_UNDECLARED_SELECTOR = YES;
				GCC_WARN_UNINITIALIZED_AUTOS = YES_AGGRESSIVE;
				GCC_WARN_UNUSED_FUNCTION = YES;
				GCC_WARN_UNUSED_VARIABLE = YES;
				IPHONEOS_DEPLOYMENT_TARGET = 13.7;
				MTL_ENABLE_DEBUG_INFO = NO;
				MTL_FAST_MATH = YES;
				SDKROOT = iphoneos;
				SWIFT_COMPILATION_MODE = wholemodule;
				SWIFT_OPTIMIZATION_LEVEL = "-O";
				VALIDATE_PRODUCT = YES;
			};
			name = Release;
		};
		8C89EF7B252ED4B60077C546 /* Debug */ = {
			isa = XCBuildConfiguration;
			buildSettings = {
				ASSETCATALOG_COMPILER_APPICON_NAME = AppIcon;
				CODE_SIGN_STYLE = Automatic;
				DEVELOPMENT_TEAM = 4VA5NBL27P;
				INFOPLIST_FILE = ARSamplePlaneApp/Info.plist;
				LD_RUNPATH_SEARCH_PATHS = (
					"$(inherited)",
					"@executable_path/Frameworks",
				);
				PRODUCT_BUNDLE_IDENTIFIER = com.gmail.tukareta.nori.ARSamplePlaneApp;
				PRODUCT_NAME = "$(TARGET_NAME)";
				SWIFT_VERSION = 5.0;
				TARGETED_DEVICE_FAMILY = "1,2";
			};
			name = Debug;
		};
		8C89EF7C252ED4B60077C546 /* Release */ = {
			isa = XCBuildConfiguration;
			buildSettings = {
				ASSETCATALOG_COMPILER_APPICON_NAME = AppIcon;
				CODE_SIGN_STYLE = Automatic;
				DEVELOPMENT_TEAM = 4VA5NBL27P;
				INFOPLIST_FILE = ARSamplePlaneApp/Info.plist;
				LD_RUNPATH_SEARCH_PATHS = (
					"$(inherited)",
					"@executable_path/Frameworks",
				);
				PRODUCT_BUNDLE_IDENTIFIER = com.gmail.tukareta.nori.ARSamplePlaneApp;
				PRODUCT_NAME = "$(TARGET_NAME)";
				SWIFT_VERSION = 5.0;
				TARGETED_DEVICE_FAMILY = "1,2";
			};
			name = Release;
		};
		8C89EF7E252ED4B60077C546 /* Debug */ = {
			isa = XCBuildConfiguration;
			buildSettings = {
				ALWAYS_EMBED_SWIFT_STANDARD_LIBRARIES = YES;
				BUNDLE_LOADER = "$(TEST_HOST)";
				CODE_SIGN_STYLE = Automatic;
				DEVELOPMENT_TEAM = 4VA5NBL27P;
				INFOPLIST_FILE = ARSamplePlaneAppTests/Info.plist;
				IPHONEOS_DEPLOYMENT_TARGET = 13.7;
				LD_RUNPATH_SEARCH_PATHS = (
					"$(inherited)",
					"@executable_path/Frameworks",
					"@loader_path/Frameworks",
				);
				PRODUCT_BUNDLE_IDENTIFIER = com.gmail.tukareta.nori.ARSamplePlaneAppTests;
				PRODUCT_NAME = "$(TARGET_NAME)";
				SWIFT_VERSION = 5.0;
				TARGETED_DEVICE_FAMILY = "1,2";
				TEST_HOST = "$(BUILT_PRODUCTS_DIR)/ARSamplePlaneApp.app/ARSamplePlaneApp";
			};
			name = Debug;
		};
		8C89EF7F252ED4B60077C546 /* Release */ = {
			isa = XCBuildConfiguration;
			buildSettings = {
				ALWAYS_EMBED_SWIFT_STANDARD_LIBRARIES = YES;
				BUNDLE_LOADER = "$(TEST_HOST)";
				CODE_SIGN_STYLE = Automatic;
				DEVELOPMENT_TEAM = 4VA5NBL27P;
				INFOPLIST_FILE = ARSamplePlaneAppTests/Info.plist;
				IPHONEOS_DEPLOYMENT_TARGET = 13.7;
				LD_RUNPATH_SEARCH_PATHS = (
					"$(inherited)",
					"@executable_path/Frameworks",
					"@loader_path/Frameworks",
				);
				PRODUCT_BUNDLE_IDENTIFIER = com.gmail.tukareta.nori.ARSamplePlaneAppTests;
				PRODUCT_NAME = "$(TARGET_NAME)";
				SWIFT_VERSION = 5.0;
				TARGETED_DEVICE_FAMILY = "1,2";
				TEST_HOST = "$(BUILT_PRODUCTS_DIR)/ARSamplePlaneApp.app/ARSamplePlaneApp";
			};
			name = Release;
		};
		8C89EF81252ED4B60077C546 /* Debug */ = {
			isa = XCBuildConfiguration;
			buildSettings = {
				ALWAYS_EMBED_SWIFT_STANDARD_LIBRARIES = YES;
				CODE_SIGN_STYLE = Automatic;
				DEVELOPMENT_TEAM = 4VA5NBL27P;
				INFOPLIST_FILE = ARSamplePlaneAppUITests/Info.plist;
				LD_RUNPATH_SEARCH_PATHS = (
					"$(inherited)",
					"@executable_path/Frameworks",
					"@loader_path/Frameworks",
				);
				PRODUCT_BUNDLE_IDENTIFIER = com.gmail.tukareta.nori.ARSamplePlaneAppUITests;
				PRODUCT_NAME = "$(TARGET_NAME)";
				SWIFT_VERSION = 5.0;
				TARGETED_DEVICE_FAMILY = "1,2";
				TEST_TARGET_NAME = ARSamplePlaneApp;
			};
			name = Debug;
		};
		8C89EF82252ED4B60077C546 /* Release */ = {
			isa = XCBuildConfiguration;
			buildSettings = {
				ALWAYS_EMBED_SWIFT_STANDARD_LIBRARIES = YES;
				CODE_SIGN_STYLE = Automatic;
				DEVELOPMENT_TEAM = 4VA5NBL27P;
				INFOPLIST_FILE = ARSamplePlaneAppUITests/Info.plist;
				LD_RUNPATH_SEARCH_PATHS = (
					"$(inherited)",
					"@executable_path/Frameworks",
					"@loader_path/Frameworks",
				);
				PRODUCT_BUNDLE_IDENTIFIER = com.gmail.tukareta.nori.ARSamplePlaneAppUITests;
				PRODUCT_NAME = "$(TARGET_NAME)";
				SWIFT_VERSION = 5.0;
				TARGETED_DEVICE_FAMILY = "1,2";
				TEST_TARGET_NAME = ARSamplePlaneApp;
			};
			name = Release;
		};
/* End XCBuildConfiguration section */

/* Begin XCConfigurationList section */
		8C89EF4B252ED4B40077C546 /* Build configuration list for PBXProject "ARSamplePlaneApp" */ = {
			isa = XCConfigurationList;
			buildConfigurations = (
				8C89EF78252ED4B60077C546 /* Debug */,
				8C89EF79252ED4B60077C546 /* Release */,
			);
			defaultConfigurationIsVisible = 0;
			defaultConfigurationName = Release;
		};
		8C89EF7A252ED4B60077C546 /* Build configuration list for PBXNativeTarget "ARSamplePlaneApp" */ = {
			isa = XCConfigurationList;
			buildConfigurations = (
				8C89EF7B252ED4B60077C546 /* Debug */,
				8C89EF7C252ED4B60077C546 /* Release */,
			);
			defaultConfigurationIsVisible = 0;
			defaultConfigurationName = Release;
		};
		8C89EF7D252ED4B60077C546 /* Build configuration list for PBXNativeTarget "ARSamplePlaneAppTests" */ = {
			isa = XCConfigurationList;
			buildConfigurations = (
				8C89EF7E252ED4B60077C546 /* Debug */,
				8C89EF7F252ED4B60077C546 /* Release */,
			);
			defaultConfigurationIsVisible = 0;
			defaultConfigurationName = Release;
		};
		8C89EF80252ED4B60077C546 /* Build configuration list for PBXNativeTarget "ARSamplePlaneAppUITests" */ = {
			isa = XCConfigurationList;
			buildConfigurations = (
				8C89EF81252ED4B60077C546 /* Debug */,
				8C89EF82252ED4B60077C546 /* Release */,
			);
			defaultConfigurationIsVisible = 0;
			defaultConfigurationName = Release;
		};
/* End XCConfigurationList section */
	};
	rootObject = 8C89EF48252ED4B40077C546 /* Project object */;
}
