// !$*UTF8*$!
{
	archiveVersion = 1;
	classes = {
	};
	objectVersion = 50;
	objects = {

/* Begin PBXBuildFile section */
		8C89F0F82530AF650077C546 /* AppDelegate.swift in Sources */ = {isa = PBXBuildFile; fileRef = 8C89F0F72530AF650077C546 /* AppDelegate.swift */; };
		8C89F0FA2530AF650077C546 /* art.scnassets in Resources */ = {isa = PBXBuildFile; fileRef = 8C89F0F92530AF650077C546 /* art.scnassets */; };
		8C89F0FC2530AF650077C546 /* ViewController.swift in Sources */ = {isa = PBXBuildFile; fileRef = 8C89F0FB2530AF650077C546 /* ViewController.swift */; };
		8C89F0FF2530AF650077C546 /* Main.storyboard in Resources */ = {isa = PBXBuildFile; fileRef = 8C89F0FD2530AF650077C546 /* Main.storyboard */; };
		8C89F1012530AF670077C546 /* Assets.xcassets in Resources */ = {isa = PBXBuildFile; fileRef = 8C89F1002530AF670077C546 /* Assets.xcassets */; };
		8C89F1042530AF670077C546 /* LaunchScreen.storyboard in Resources */ = {isa = PBXBuildFile; fileRef = 8C89F1022530AF670077C546 /* LaunchScreen.storyboard */; };
		8C89F10F2530AF680077C546 /* ARSampleShapeAppTests.swift in Sources */ = {isa = PBXBuildFile; fileRef = 8C89F10E2530AF680077C546 /* ARSampleShapeAppTests.swift */; };
		8C89F11A2530AF680077C546 /* ARSampleShapeAppUITests.swift in Sources */ = {isa = PBXBuildFile; fileRef = 8C89F1192530AF680077C546 /* ARSampleShapeAppUITests.swift */; };
/* End PBXBuildFile section */

/* Begin PBXContainerItemProxy section */
		8C89F10B2530AF680077C546 /* PBXContainerItemProxy */ = {
			isa = PBXContainerItemProxy;
			containerPortal = 8C89F0EC2530AF650077C546 /* Project object */;
			proxyType = 1;
			remoteGlobalIDString = 8C89F0F32530AF650077C546;
			remoteInfo = ARSampleShapeApp;
		};
		8C89F1162530AF680077C546 /* PBXContainerItemProxy */ = {
			isa = PBXContainerItemProxy;
			containerPortal = 8C89F0EC2530AF650077C546 /* Project object */;
			proxyType = 1;
			remoteGlobalIDString = 8C89F0F32530AF650077C546;
			remoteInfo = ARSampleShapeApp;
		};
/* End PBXContainerItemProxy section */

/* Begin PBXFileReference section */
		8C89F0F42530AF650077C546 /* ARSampleShapeApp.app */ = {isa = PBXFileReference; explicitFileType = wrapper.application; includeInIndex = 0; path = ARSampleShapeApp.app; sourceTree = BUILT_PRODUCTS_DIR; };
		8C89F0F72530AF650077C546 /* AppDelegate.swift */ = {isa = PBXFileReference; lastKnownFileType = sourcecode.swift; path = AppDelegate.swift; sourceTree = "<group>"; };
		8C89F0F92530AF650077C546 /* art.scnassets */ = {isa = PBXFileReference; lastKnownFileType = wrapper.scnassets; path = art.scnassets; sourceTree = "<group>"; };
		8C89F0FB2530AF650077C546 /* ViewController.swift */ = {isa = PBXFileReference; lastKnownFileType = sourcecode.swift; path = ViewController.swift; sourceTree = "<group>"; };
		8C89F0FE2530AF650077C546 /* Base */ = {isa = PBXFileReference; lastKnownFileType = file.storyboard; name = Base; path = Base.lproj/Main.storyboard; sourceTree = "<group>"; };
		8C89F1002530AF670077C546 /* Assets.xcassets */ = {isa = PBXFileReference; lastKnownFileType = folder.assetcatalog; path = Assets.xcassets; sourceTree = "<group>"; };
		8C89F1032530AF670077C546 /* Base */ = {isa = PBXFileReference; lastKnownFileType = file.storyboard; name = Base; path = Base.lproj/LaunchScreen.storyboard; sourceTree = "<group>"; };
		8C89F1052530AF670077C546 /* Info.plist */ = {isa = PBXFileReference; lastKnownFileType = text.plist.xml; path = Info.plist; sourceTree = "<group>"; };
		8C89F10A2530AF680077C546 /* ARSampleShapeAppTests.xctest */ = {isa = PBXFileReference; explicitFileType = wrapper.cfbundle; includeInIndex = 0; path = ARSampleShapeAppTests.xctest; sourceTree = BUILT_PRODUCTS_DIR; };
		8C89F10E2530AF680077C546 /* ARSampleShapeAppTests.swift */ = {isa = PBXFileReference; lastKnownFileType = sourcecode.swift; path = ARSampleShapeAppTests.swift; sourceTree = "<group>"; };
		8C89F1102530AF680077C546 /* Info.plist */ = {isa = PBXFileReference; lastKnownFileType = text.plist.xml; path = Info.plist; sourceTree = "<group>"; };
		8C89F1152530AF680077C546 /* ARSampleShapeAppUITests.xctest */ = {isa = PBXFileReference; explicitFileType = wrapper.cfbundle; includeInIndex = 0; path = ARSampleShapeAppUITests.xctest; sourceTree = BUILT_PRODUCTS_DIR; };
		8C89F1192530AF680077C546 /* ARSampleShapeAppUITests.swift */ = {isa = PBXFileReference; lastKnownFileType = sourcecode.swift; path = ARSampleShapeAppUITests.swift; sourceTree = "<group>"; };
		8C89F11B2530AF680077C546 /* Info.plist */ = {isa = PBXFileReference; lastKnownFileType = text.plist.xml; path = Info.plist; sourceTree = "<group>"; };
/* End PBXFileReference section */

/* Begin PBXFrameworksBuildPhase section */
		8C89F0F12530AF650077C546 /* Frameworks */ = {
			isa = PBXFrameworksBuildPhase;
			buildActionMask = 2147483647;
			files = (
			);
			runOnlyForDeploymentPostprocessing = 0;
		};
		8C89F1072530AF680077C546 /* Frameworks */ = {
			isa = PBXFrameworksBuildPhase;
			buildActionMask = 2147483647;
			files = (
			);
			runOnlyForDeploymentPostprocessing = 0;
		};
		8C89F1122530AF680077C546 /* Frameworks */ = {
			isa = PBXFrameworksBuildPhase;
			buildActionMask = 2147483647;
			files = (
			);
			runOnlyForDeploymentPostprocessing = 0;
		};
/* End PBXFrameworksBuildPhase section */

/* Begin PBXGroup section */
		8C89F0EB2530AF650077C546 = {
			isa = PBXGroup;
			children = (
				8C89F0F62530AF650077C546 /* ARSampleShapeApp */,
				8C89F10D2530AF680077C546 /* ARSampleShapeAppTests */,
				8C89F1182530AF680077C546 /* ARSampleShapeAppUITests */,
				8C89F0F52530AF650077C546 /* Products */,
			);
			sourceTree = "<group>";
		};
		8C89F0F52530AF650077C546 /* Products */ = {
			isa = PBXGroup;
			children = (
				8C89F0F42530AF650077C546 /* ARSampleShapeApp.app */,
				8C89F10A2530AF680077C546 /* ARSampleShapeAppTests.xctest */,
				8C89F1152530AF680077C546 /* ARSampleShapeAppUITests.xctest */,
			);
			name = Products;
			sourceTree = "<group>";
		};
		8C89F0F62530AF650077C546 /* ARSampleShapeApp */ = {
			isa = PBXGroup;
			children = (
				8C89F0F72530AF650077C546 /* AppDelegate.swift */,
				8C89F0F92530AF650077C546 /* art.scnassets */,
				8C89F0FB2530AF650077C546 /* ViewController.swift */,
				8C89F0FD2530AF650077C546 /* Main.storyboard */,
				8C89F1002530AF670077C546 /* Assets.xcassets */,
				8C89F1022530AF670077C546 /* LaunchScreen.storyboard */,
				8C89F1052530AF670077C546 /* Info.plist */,
			);
			path = ARSampleShapeApp;
			sourceTree = "<group>";
		};
		8C89F10D2530AF680077C546 /* ARSampleShapeAppTests */ = {
			isa = PBXGroup;
			children = (
				8C89F10E2530AF680077C546 /* ARSampleShapeAppTests.swift */,
				8C89F1102530AF680077C546 /* Info.plist */,
			);
			path = ARSampleShapeAppTests;
			sourceTree = "<group>";
		};
		8C89F1182530AF680077C546 /* ARSampleShapeAppUITests */ = {
			isa = PBXGroup;
			children = (
				8C89F1192530AF680077C546 /* ARSampleShapeAppUITests.swift */,
				8C89F11B2530AF680077C546 /* Info.plist */,
			);
			path = ARSampleShapeAppUITests;
			sourceTree = "<group>";
		};
/* End PBXGroup section */

/* Begin PBXNativeTarget section */
		8C89F0F32530AF650077C546 /* ARSampleShapeApp */ = {
			isa = PBXNativeTarget;
			buildConfigurationList = 8C89F11E2530AF680077C546 /* Build configuration list for PBXNativeTarget "ARSampleShapeApp" */;
			buildPhases = (
				8C89F0F02530AF650077C546 /* Sources */,
				8C89F0F12530AF650077C546 /* Frameworks */,
				8C89F0F22530AF650077C546 /* Resources */,
			);
			buildRules = (
			);
			dependencies = (
			);
			name = ARSampleShapeApp;
			productName = ARSampleShapeApp;
			productReference = 8C89F0F42530AF650077C546 /* ARSampleShapeApp.app */;
			productType = "com.apple.product-type.application";
		};
		8C89F1092530AF680077C546 /* ARSampleShapeAppTests */ = {
			isa = PBXNativeTarget;
			buildConfigurationList = 8C89F1212530AF680077C546 /* Build configuration list for PBXNativeTarget "ARSampleShapeAppTests" */;
			buildPhases = (
				8C89F1062530AF680077C546 /* Sources */,
				8C89F1072530AF680077C546 /* Frameworks */,
				8C89F1082530AF680077C546 /* Resources */,
			);
			buildRules = (
			);
			dependencies = (
				8C89F10C2530AF680077C546 /* PBXTargetDependency */,
			);
			name = ARSampleShapeAppTests;
			productName = ARSampleShapeAppTests;
			productReference = 8C89F10A2530AF680077C546 /* ARSampleShapeAppTests.xctest */;
			productType = "com.apple.product-type.bundle.unit-test";
		};
		8C89F1142530AF680077C546 /* ARSampleShapeAppUITests */ = {
			isa = PBXNativeTarget;
			buildConfigurationList = 8C89F1242530AF680077C546 /* Build configuration list for PBXNativeTarget "ARSampleShapeAppUITests" */;
			buildPhases = (
				8C89F1112530AF680077C546 /* Sources */,
				8C89F1122530AF680077C546 /* Frameworks */,
				8C89F1132530AF680077C546 /* Resources */,
			);
			buildRules = (
			);
			dependencies = (
				8C89F1172530AF680077C546 /* PBXTargetDependency */,
			);
			name = ARSampleShapeAppUITests;
			productName = ARSampleShapeAppUITests;
			productReference = 8C89F1152530AF680077C546 /* ARSampleShapeAppUITests.xctest */;
			productType = "com.apple.product-type.bundle.ui-testing";
		};
/* End PBXNativeTarget section */

/* Begin PBXProject section */
		8C89F0EC2530AF650077C546 /* Project object */ = {
			isa = PBXProject;
			attributes = {
				LastSwiftUpdateCheck = 1170;
				LastUpgradeCheck = 1170;
				ORGANIZATIONNAME = "尾原徳泰";
				TargetAttributes = {
					8C89F0F32530AF650077C546 = {
						CreatedOnToolsVersion = 11.7;
					};
					8C89F1092530AF680077C546 = {
						CreatedOnToolsVersion = 11.7;
						TestTargetID = 8C89F0F32530AF650077C546;
					};
					8C89F1142530AF680077C546 = {
						CreatedOnToolsVersion = 11.7;
						TestTargetID = 8C89F0F32530AF650077C546;
					};
				};
			};
			buildConfigurationList = 8C89F0EF2530AF650077C546 /* Build configuration list for PBXProject "ARSampleShapeApp" */;
			compatibilityVersion = "Xcode 9.3";
			developmentRegion = en;
			hasScannedForEncodings = 0;
			knownRegions = (
				en,
				Base,
			);
			mainGroup = 8C89F0EB2530AF650077C546;
			productRefGroup = 8C89F0F52530AF650077C546 /* Products */;
			projectDirPath = "";
			projectRoot = "";
			targets = (
				8C89F0F32530AF650077C546 /* ARSampleShapeApp */,
				8C89F1092530AF680077C546 /* ARSampleShapeAppTests */,
				8C89F1142530AF680077C546 /* ARSampleShapeAppUITests */,
			);
		};
/* End PBXProject section */

/* Begin PBXResourcesBuildPhase section */
		8C89F0F22530AF650077C546 /* Resources */ = {
			isa = PBXResourcesBuildPhase;
			buildActionMask = 2147483647;
			files = (
				8C89F0FA2530AF650077C546 /* art.scnassets in Resources */,
				8C89F1042530AF670077C546 /* LaunchScreen.storyboard in Resources */,
				8C89F1012530AF670077C546 /* Assets.xcassets in Resources */,
				8C89F0FF2530AF650077C546 /* Main.storyboard in Resources */,
			);
			runOnlyForDeploymentPostprocessing = 0;
		};
		8C89F1082530AF680077C546 /* Resources */ = {
			isa = PBXResourcesBuildPhase;
			buildActionMask = 2147483647;
			files = (
			);
			runOnlyForDeploymentPostprocessing = 0;
		};
		8C89F1132530AF680077C546 /* Resources */ = {
			isa = PBXResourcesBuildPhase;
			buildActionMask = 2147483647;
			files = (
			);
			runOnlyForDeploymentPostprocessing = 0;
		};
/* End PBXResourcesBuildPhase section */

/* Begin PBXSourcesBuildPhase section */
		8C89F0F02530AF650077C546 /* Sources */ = {
			isa = PBXSourcesBuildPhase;
			buildActionMask = 2147483647;
			files = (
				8C89F0FC2530AF650077C546 /* ViewController.swift in Sources */,
				8C89F0F82530AF650077C546 /* AppDelegate.swift in Sources */,
			);
			runOnlyForDeploymentPostprocessing = 0;
		};
		8C89F1062530AF680077C546 /* Sources */ = {
			isa = PBXSourcesBuildPhase;
			buildActionMask = 2147483647;
			files = (
				8C89F10F2530AF680077C546 /* ARSampleShapeAppTests.swift in Sources */,
			);
			runOnlyForDeploymentPostprocessing = 0;
		};
		8C89F1112530AF680077C546 /* Sources */ = {
			isa = PBXSourcesBuildPhase;
			buildActionMask = 2147483647;
			files = (
				8C89F11A2530AF680077C546 /* ARSampleShapeAppUITests.swift in Sources */,
			);
			runOnlyForDeploymentPostprocessing = 0;
		};
/* End PBXSourcesBuildPhase section */

/* Begin PBXTargetDependency section */
		8C89F10C2530AF680077C546 /* PBXTargetDependency */ = {
			isa = PBXTargetDependency;
			target = 8C89F0F32530AF650077C546 /* ARSampleShapeApp */;
			targetProxy = 8C89F10B2530AF680077C546 /* PBXContainerItemProxy */;
		};
		8C89F1172530AF680077C546 /* PBXTargetDependency */ = {
			isa = PBXTargetDependency;
			target = 8C89F0F32530AF650077C546 /* ARSampleShapeApp */;
			targetProxy = 8C89F1162530AF680077C546 /* PBXContainerItemProxy */;
		};
/* End PBXTargetDependency section */

/* Begin PBXVariantGroup section */
		8C89F0FD2530AF650077C546 /* Main.storyboard */ = {
			isa = PBXVariantGroup;
			children = (
				8C89F0FE2530AF650077C546 /* Base */,
			);
			name = Main.storyboard;
			sourceTree = "<group>";
		};
		8C89F1022530AF670077C546 /* LaunchScreen.storyboard */ = {
			isa = PBXVariantGroup;
			children = (
				8C89F1032530AF670077C546 /* Base */,
			);
			name = LaunchScreen.storyboard;
			sourceTree = "<group>";
		};
/* End PBXVariantGroup section */

/* Begin XCBuildConfiguration section */
		8C89F11C2530AF680077C546 /* Debug */ = {
			isa = XCBuildConfiguration;
			buildSettings = {
				ALWAYS_SEARCH_USER_PATHS = NO;
				CLANG_ANALYZER_NONNULL = YES;
				CLANG_ANALYZER_NUMBER_OBJECT_CONVERSION = YES_AGGRESSIVE;
				CLANG_CXX_LANGUAGE_STANDARD = "gnu++14";
				CLANG_CXX_LIBRARY = "libc++";
				CLANG_ENABLE_MODULES = YES;
				CLANG_ENABLE_OBJC_ARC = YES;
				CLANG_ENABLE_OBJC_WEAK = YES;
				CLANG_WARN_BLOCK_CAPTURE_AUTORELEASING = YES;
				CLANG_WARN_BOOL_CONVERSION = YES;
				CLANG_WARN_COMMA = YES;
				CLANG_WARN_CONSTANT_CONVERSION = YES;
				CLANG_WARN_DEPRECATED_OBJC_IMPLEMENTATIONS = YES;
				CLANG_WARN_DIRECT_OBJC_ISA_USAGE = YES_ERROR;
				CLANG_WARN_DOCUMENTATION_COMMENTS = YES;
				CLANG_WARN_EMPTY_BODY = YES;
				CLANG_WARN_ENUM_CONVERSION = YES;
				CLANG_WARN_INFINITE_RECURSION = YES;
				CLANG_WARN_INT_CONVERSION = YES;
				CLANG_WARN_NON_LITERAL_NULL_CONVERSION = YES;
				CLANG_WARN_OBJC_IMPLICIT_RETAIN_SELF = YES;
				CLANG_WARN_OBJC_LITERAL_CONVERSION = YES;
				CLANG_WARN_OBJC_ROOT_CLASS = YES_ERROR;
				CLANG_WARN_RANGE_LOOP_ANALYSIS = YES;
				CLANG_WARN_STRICT_PROTOTYPES = YES;
				CLANG_WARN_SUSPICIOUS_MOVE = YES;
				CLANG_WARN_UNGUARDED_AVAILABILITY = YES_AGGRESSIVE;
				CLANG_WARN_UNREACHABLE_CODE = YES;
				CLANG_WARN__DUPLICATE_METHOD_MATCH = YES;
				COPY_PHASE_STRIP = NO;
				DEBUG_INFORMATION_FORMAT = dwarf;
				ENABLE_STRICT_OBJC_MSGSEND = YES;
				ENABLE_TESTABILITY = YES;
				GCC_C_LANGUAGE_STANDARD = gnu11;
				GCC_DYNAMIC_NO_PIC = NO;
				GCC_NO_COMMON_BLOCKS = YES;
				GCC_OPTIMIZATION_LEVEL = 0;
				GCC_PREPROCESSOR_DEFINITIONS = (
					"DEBUG=1",
					"$(inherited)",
				);
				GCC_WARN_64_TO_32_BIT_CONVERSION = YES;
				GCC_WARN_ABOUT_RETURN_TYPE = YES_ERROR;
				GCC_WARN_UNDECLARED_SELECTOR = YES;
				GCC_WARN_UNINITIALIZED_AUTOS = YES_AGGRESSIVE;
				GCC_WARN_UNUSED_FUNCTION = YES;
				GCC_WARN_UNUSED_VARIABLE = YES;
				IPHONEOS_DEPLOYMENT_TARGET = 13.7;
				MTL_ENABLE_DEBUG_INFO = INCLUDE_SOURCE;
				MTL_FAST_MATH = YES;
				ONLY_ACTIVE_ARCH = YES;
				SDKROOT = iphoneos;
				SWIFT_ACTIVE_COMPILATION_CONDITIONS = DEBUG;
				SWIFT_OPTIMIZATION_LEVEL = "-Onone";
			};
			name = Debug;
		};
		8C89F11D2530AF680077C546 /* Release */ = {
			isa = XCBuildConfiguration;
			buildSettings = {
				ALWAYS_SEARCH_USER_PATHS = NO;
				CLANG_ANALYZER_NONNULL = YES;
				CLANG_ANALYZER_NUMBER_OBJECT_CONVERSION = YES_AGGRESSIVE;
				CLANG_CXX_LANGUAGE_STANDARD = "gnu++14";
				CLANG_CXX_LIBRARY = "libc++";
				CLANG_ENABLE_MODULES = YES;
				CLANG_ENABLE_OBJC_ARC = YES;
				CLANG_ENABLE_OBJC_WEAK = YES;
				CLANG_WARN_BLOCK_CAPTURE_AUTORELEASING = YES;
				CLANG_WARN_BOOL_CONVERSION = YES;
				CLANG_WARN_COMMA = YES;
				CLANG_WARN_CONSTANT_CONVERSION = YES;
				CLANG_WARN_DEPRECATED_OBJC_IMPLEMENTATIONS = YES;
				CLANG_WARN_DIRECT_OBJC_ISA_USAGE = YES_ERROR;
				CLANG_WARN_DOCUMENTATION_COMMENTS = YES;
				CLANG_WARN_EMPTY_BODY = YES;
				CLANG_WARN_ENUM_CONVERSION = YES;
				CLANG_WARN_INFINITE_RECURSION = YES;
				CLANG_WARN_INT_CONVERSION = YES;
				CLANG_WARN_NON_LITERAL_NULL_CONVERSION = YES;
				CLANG_WARN_OBJC_IMPLICIT_RETAIN_SELF = YES;
				CLANG_WARN_OBJC_LITERAL_CONVERSION = YES;
				CLANG_WARN_OBJC_ROOT_CLASS = YES_ERROR;
				CLANG_WARN_RANGE_LOOP_ANALYSIS = YES;
				CLANG_WARN_STRICT_PROTOTYPES = YES;
				CLANG_WARN_SUSPICIOUS_MOVE = YES;
				CLANG_WARN_UNGUARDED_AVAILABILITY = YES_AGGRESSIVE;
				CLANG_WARN_UNREACHABLE_CODE = YES;
				CLANG_WARN__DUPLICATE_METHOD_MATCH = YES;
				COPY_PHASE_STRIP = NO;
				DEBUG_INFORMATION_FORMAT = "dwarf-with-dsym";
				ENABLE_NS_ASSERTIONS = NO;
				ENABLE_STRICT_OBJC_MSGSEND = YES;
				GCC_C_LANGUAGE_STANDARD = gnu11;
				GCC_NO_COMMON_BLOCKS = YES;
				GCC_WARN_64_TO_32_BIT_CONVERSION = YES;
				GCC_WARN_ABOUT_RETURN_TYPE = YES_ERROR;
				GCC_WARN_UNDECLARED_SELECTOR = YES;
				GCC_WARN_UNINITIALIZED_AUTOS = YES_AGGRESSIVE;
				GCC_WARN_UNUSED_FUNCTION = YES;
				GCC_WARN_UNUSED_VARIABLE = YES;
				IPHONEOS_DEPLOYMENT_TARGET = 13.7;
				MTL_ENABLE_DEBUG_INFO = NO;
				MTL_FAST_MATH = YES;
				SDKROOT = iphoneos;
				SWIFT_COMPILATION_MODE = wholemodule;
				SWIFT_OPTIMIZATION_LEVEL = "-O";
				VALIDATE_PRODUCT = YES;
			};
			name = Release;
		};
		8C89F11F2530AF680077C546 /* Debug */ = {
			isa = XCBuildConfiguration;
			buildSettings = {
				ASSETCATALOG_COMPILER_APPICON_NAME = AppIcon;
				CODE_SIGN_STYLE = Automatic;
				DEVELOPMENT_TEAM = 4VA5NBL27P;
				INFOPLIST_FILE = ARSampleShapeApp/Info.plist;
				LD_RUNPATH_SEARCH_PATHS = (
					"$(inherited)",
					"@executable_path/Frameworks",
				);
				PRODUCT_BUNDLE_IDENTIFIER = com.gmail.tukareta.nori.ARSampleShapeApp;
				PRODUCT_NAME = "$(TARGET_NAME)";
				SWIFT_VERSION = 5.0;
				TARGETED_DEVICE_FAMILY = "1,2";
			};
			name = Debug;
		};
		8C89F1202530AF680077C546 /* Release */ = {
			isa = XCBuildConfiguration;
			buildSettings = {
				ASSETCATALOG_COMPILER_APPICON_NAME = AppIcon;
				CODE_SIGN_STYLE = Automatic;
				DEVELOPMENT_TEAM = 4VA5NBL27P;
				INFOPLIST_FILE = ARSampleShapeApp/Info.plist;
				LD_RUNPATH_SEARCH_PATHS = (
					"$(inherited)",
					"@executable_path/Frameworks",
				);
				PRODUCT_BUNDLE_IDENTIFIER = com.gmail.tukareta.nori.ARSampleShapeApp;
				PRODUCT_NAME = "$(TARGET_NAME)";
				SWIFT_VERSION = 5.0;
				TARGETED_DEVICE_FAMILY = "1,2";
			};
			name = Release;
		};
		8C89F1222530AF680077C546 /* Debug */ = {
			isa = XCBuildConfiguration;
			buildSettings = {
				ALWAYS_EMBED_SWIFT_STANDARD_LIBRARIES = YES;
				BUNDLE_LOADER = "$(TEST_HOST)";
				CODE_SIGN_STYLE = Automatic;
				DEVELOPMENT_TEAM = 4VA5NBL27P;
				INFOPLIST_FILE = ARSampleShapeAppTests/Info.plist;
				IPHONEOS_DEPLOYMENT_TARGET = 13.7;
				LD_RUNPATH_SEARCH_PATHS = (
					"$(inherited)",
					"@executable_path/Frameworks",
					"@loader_path/Frameworks",
				);
				PRODUCT_BUNDLE_IDENTIFIER = com.gmail.tukareta.nori.ARSampleShapeAppTests;
				PRODUCT_NAME = "$(TARGET_NAME)";
				SWIFT_VERSION = 5.0;
				TARGETED_DEVICE_FAMILY = "1,2";
				TEST_HOST = "$(BUILT_PRODUCTS_DIR)/ARSampleShapeApp.app/ARSampleShapeApp";
			};
			name = Debug;
		};
		8C89F1232530AF680077C546 /* Release */ = {
			isa = XCBuildConfiguration;
			buildSettings = {
				ALWAYS_EMBED_SWIFT_STANDARD_LIBRARIES = YES;
				BUNDLE_LOADER = "$(TEST_HOST)";
				CODE_SIGN_STYLE = Automatic;
				DEVELOPMENT_TEAM = 4VA5NBL27P;
				INFOPLIST_FILE = ARSampleShapeAppTests/Info.plist;
				IPHONEOS_DEPLOYMENT_TARGET = 13.7;
				LD_RUNPATH_SEARCH_PATHS = (
					"$(inherited)",
					"@executable_path/Frameworks",
					"@loader_path/Frameworks",
				);
				PRODUCT_BUNDLE_IDENTIFIER = com.gmail.tukareta.nori.ARSampleShapeAppTests;
				PRODUCT_NAME = "$(TARGET_NAME)";
				SWIFT_VERSION = 5.0;
				TARGETED_DEVICE_FAMILY = "1,2";
				TEST_HOST = "$(BUILT_PRODUCTS_DIR)/ARSampleShapeApp.app/ARSampleShapeApp";
			};
			name = Release;
		};
		8C89F1252530AF680077C546 /* Debug */ = {
			isa = XCBuildConfiguration;
			buildSettings = {
				ALWAYS_EMBED_SWIFT_STANDARD_LIBRARIES = YES;
				CODE_SIGN_STYLE = Automatic;
				DEVELOPMENT_TEAM = 4VA5NBL27P;
				INFOPLIST_FILE = ARSampleShapeAppUITests/Info.plist;
				LD_RUNPATH_SEARCH_PATHS = (
					"$(inherited)",
					"@executable_path/Frameworks",
					"@loader_path/Frameworks",
				);
				PRODUCT_BUNDLE_IDENTIFIER = com.gmail.tukareta.nori.ARSampleShapeAppUITests;
				PRODUCT_NAME = "$(TARGET_NAME)";
				SWIFT_VERSION = 5.0;
				TARGETED_DEVICE_FAMILY = "1,2";
				TEST_TARGET_NAME = ARSampleShapeApp;
			};
			name = Debug;
		};
		8C89F1262530AF680077C546 /* Release */ = {
			isa = XCBuildConfiguration;
			buildSettings = {
				ALWAYS_EMBED_SWIFT_STANDARD_LIBRARIES = YES;
				CODE_SIGN_STYLE = Automatic;
				DEVELOPMENT_TEAM = 4VA5NBL27P;
				INFOPLIST_FILE = ARSampleShapeAppUITests/Info.plist;
				LD_RUNPATH_SEARCH_PATHS = (
					"$(inherited)",
					"@executable_path/Frameworks",
					"@loader_path/Frameworks",
				);
				PRODUCT_BUNDLE_IDENTIFIER = com.gmail.tukareta.nori.ARSampleShapeAppUITests;
				PRODUCT_NAME = "$(TARGET_NAME)";
				SWIFT_VERSION = 5.0;
				TARGETED_DEVICE_FAMILY = "1,2";
				TEST_TARGET_NAME = ARSampleShapeApp;
			};
			name = Release;
		};
/* End XCBuildConfiguration section */

/* Begin XCConfigurationList section */
		8C89F0EF2530AF650077C546 /* Build configuration list for PBXProject "ARSampleShapeApp" */ = {
			isa = XCConfigurationList;
			buildConfigurations = (
				8C89F11C2530AF680077C546 /* Debug */,
				8C89F11D2530AF680077C546 /* Release */,
			);
			defaultConfigurationIsVisible = 0;
			defaultConfigurationName = Release;
		};
		8C89F11E2530AF680077C546 /* Build configuration list for PBXNativeTarget "ARSampleShapeApp" */ = {
			isa = XCConfigurationList;
			buildConfigurations = (
				8C89F11F2530AF680077C546 /* Debug */,
				8C89F1202530AF680077C546 /* Release */,
			);
			defaultConfigurationIsVisible = 0;
			defaultConfigurationName = Release;
		};
		8C89F1212530AF680077C546 /* Build configuration list for PBXNativeTarget "ARSampleShapeAppTests" */ = {
			isa = XCConfigurationList;
			buildConfigurations = (
				8C89F1222530AF680077C546 /* Debug */,
				8C89F1232530AF680077C546 /* Release */,
			);
			defaultConfigurationIsVisible = 0;
			defaultConfigurationName = Release;
		};
		8C89F1242530AF680077C546 /* Build configuration list for PBXNativeTarget "ARSampleShapeAppUITests" */ = {
			isa = XCConfigurationList;
			buildConfigurations = (
				8C89F1252530AF680077C546 /* Debug */,
				8C89F1262530AF680077C546 /* Release */,
			);
			defaultConfigurationIsVisible = 0;
			defaultConfigurationName = Release;
		};
/* End XCConfigurationList section */
	};
	rootObject = 8C89F0EC2530AF650077C546 /* Project object */;
}
