// !$*UTF8*$!
{
	archiveVersion = 1;
	classes = {
	};
	objectVersion = 50;
	objects = {

/* Begin PBXBuildFile section */
		8C89F26025329CB00077C546 /* AppDelegate.swift in Sources */ = {isa = PBXBuildFile; fileRef = 8C89F25F25329CB00077C546 /* AppDelegate.swift */; };
		8C89F26225329CB00077C546 /* art.scnassets in Resources */ = {isa = PBXBuildFile; fileRef = 8C89F26125329CB00077C546 /* art.scnassets */; };
		8C89F26425329CB00077C546 /* ViewController.swift in Sources */ = {isa = PBXBuildFile; fileRef = 8C89F26325329CB00077C546 /* ViewController.swift */; };
		8C89F26725329CB00077C546 /* Main.storyboard in Resources */ = {isa = PBXBuildFile; fileRef = 8C89F26525329CB00077C546 /* Main.storyboard */; };
		8C89F26925329CB20077C546 /* Assets.xcassets in Resources */ = {isa = PBXBuildFile; fileRef = 8C89F26825329CB20077C546 /* Assets.xcassets */; };
		8C89F26C25329CB20077C546 /* LaunchScreen.storyboard in Resources */ = {isa = PBXBuildFile; fileRef = 8C89F26A25329CB20077C546 /* LaunchScreen.storyboard */; };
		8C89F27725329CB30077C546 /* ARSampleMeasureAppTests.swift in Sources */ = {isa = PBXBuildFile; fileRef = 8C89F27625329CB30077C546 /* ARSampleMeasureAppTests.swift */; };
		8C89F28225329CB30077C546 /* ARSampleMeasureAppUITests.swift in Sources */ = {isa = PBXBuildFile; fileRef = 8C89F28125329CB30077C546 /* ARSampleMeasureAppUITests.swift */; };
/* End PBXBuildFile section */

/* Begin PBXContainerItemProxy section */
		8C89F27325329CB30077C546 /* PBXContainerItemProxy */ = {
			isa = PBXContainerItemProxy;
			containerPortal = 8C89F25425329CB00077C546 /* Project object */;
			proxyType = 1;
			remoteGlobalIDString = 8C89F25B25329CB00077C546;
			remoteInfo = ARSampleMeasureApp;
		};
		8C89F27E25329CB30077C546 /* PBXContainerItemProxy */ = {
			isa = PBXContainerItemProxy;
			containerPortal = 8C89F25425329CB00077C546 /* Project object */;
			proxyType = 1;
			remoteGlobalIDString = 8C89F25B25329CB00077C546;
			remoteInfo = ARSampleMeasureApp;
		};
/* End PBXContainerItemProxy section */

/* Begin PBXFileReference section */
		8C89F25C25329CB00077C546 /* ARSampleMeasureApp.app */ = {isa = PBXFileReference; explicitFileType = wrapper.application; includeInIndex = 0; path = ARSampleMeasureApp.app; sourceTree = BUILT_PRODUCTS_DIR; };
		8C89F25F25329CB00077C546 /* AppDelegate.swift */ = {isa = PBXFileReference; lastKnownFileType = sourcecode.swift; path = AppDelegate.swift; sourceTree = "<group>"; };
		8C89F26125329CB00077C546 /* art.scnassets */ = {isa = PBXFileReference; lastKnownFileType = wrapper.scnassets; path = art.scnassets; sourceTree = "<group>"; };
		8C89F26325329CB00077C546 /* ViewController.swift */ = {isa = PBXFileReference; lastKnownFileType = sourcecode.swift; path = ViewController.swift; sourceTree = "<group>"; };
		8C89F26625329CB00077C546 /* Base */ = {isa = PBXFileReference; lastKnownFileType = file.storyboard; name = Base; path = Base.lproj/Main.storyboard; sourceTree = "<group>"; };
		8C89F26825329CB20077C546 /* Assets.xcassets */ = {isa = PBXFileReference; lastKnownFileType = folder.assetcatalog; path = Assets.xcassets; sourceTree = "<group>"; };
		8C89F26B25329CB20077C546 /* Base */ = {isa = PBXFileReference; lastKnownFileType = file.storyboard; name = Base; path = Base.lproj/LaunchScreen.storyboard; sourceTree = "<group>"; };
		8C89F26D25329CB20077C546 /* Info.plist */ = {isa = PBXFileReference; lastKnownFileType = text.plist.xml; path = Info.plist; sourceTree = "<group>"; };
		8C89F27225329CB30077C546 /* ARSampleMeasureAppTests.xctest */ = {isa = PBXFileReference; explicitFileType = wrapper.cfbundle; includeInIndex = 0; path = ARSampleMeasureAppTests.xctest; sourceTree = BUILT_PRODUCTS_DIR; };
		8C89F27625329CB30077C546 /* ARSampleMeasureAppTests.swift */ = {isa = PBXFileReference; lastKnownFileType = sourcecode.swift; path = ARSampleMeasureAppTests.swift; sourceTree = "<group>"; };
		8C89F27825329CB30077C546 /* Info.plist */ = {isa = PBXFileReference; lastKnownFileType = text.plist.xml; path = Info.plist; sourceTree = "<group>"; };
		8C89F27D25329CB30077C546 /* ARSampleMeasureAppUITests.xctest */ = {isa = PBXFileReference; explicitFileType = wrapper.cfbundle; includeInIndex = 0; path = ARSampleMeasureAppUITests.xctest; sourceTree = BUILT_PRODUCTS_DIR; };
		8C89F28125329CB30077C546 /* ARSampleMeasureAppUITests.swift */ = {isa = PBXFileReference; lastKnownFileType = sourcecode.swift; path = ARSampleMeasureAppUITests.swift; sourceTree = "<group>"; };
		8C89F28325329CB30077C546 /* Info.plist */ = {isa = PBXFileReference; lastKnownFileType = text.plist.xml; path = Info.plist; sourceTree = "<group>"; };
/* End PBXFileReference section */

/* Begin PBXFrameworksBuildPhase section */
		8C89F25925329CB00077C546 /* Frameworks */ = {
			isa = PBXFrameworksBuildPhase;
			buildActionMask = 2147483647;
			files = (
			);
			runOnlyForDeploymentPostprocessing = 0;
		};
		8C89F26F25329CB30077C546 /* Frameworks */ = {
			isa = PBXFrameworksBuildPhase;
			buildActionMask = 2147483647;
			files = (
			);
			runOnlyForDeploymentPostprocessing = 0;
		};
		8C89F27A25329CB30077C546 /* Frameworks */ = {
			isa = PBXFrameworksBuildPhase;
			buildActionMask = 2147483647;
			files = (
			);
			runOnlyForDeploymentPostprocessing = 0;
		};
/* End PBXFrameworksBuildPhase section */

/* Begin PBXGroup section */
		8C89F25325329CB00077C546 = {
			isa = PBXGroup;
			children = (
				8C89F25E25329CB00077C546 /* ARSampleMeasureApp */,
				8C89F27525329CB30077C546 /* ARSampleMeasureAppTests */,
				8C89F28025329CB30077C546 /* ARSampleMeasureAppUITests */,
				8C89F25D25329CB00077C546 /* Products */,
			);
			sourceTree = "<group>";
		};
		8C89F25D25329CB00077C546 /* Products */ = {
			isa = PBXGroup;
			children = (
				8C89F25C25329CB00077C546 /* ARSampleMeasureApp.app */,
				8C89F27225329CB30077C546 /* ARSampleMeasureAppTests.xctest */,
				8C89F27D25329CB30077C546 /* ARSampleMeasureAppUITests.xctest */,
			);
			name = Products;
			sourceTree = "<group>";
		};
		8C89F25E25329CB00077C546 /* ARSampleMeasureApp */ = {
			isa = PBXGroup;
			children = (
				8C89F25F25329CB00077C546 /* AppDelegate.swift */,
				8C89F26125329CB00077C546 /* art.scnassets */,
				8C89F26325329CB00077C546 /* ViewController.swift */,
				8C89F26525329CB00077C546 /* Main.storyboard */,
				8C89F26825329CB20077C546 /* Assets.xcassets */,
				8C89F26A25329CB20077C546 /* LaunchScreen.storyboard */,
				8C89F26D25329CB20077C546 /* Info.plist */,
			);
			path = ARSampleMeasureApp;
			sourceTree = "<group>";
		};
		8C89F27525329CB30077C546 /* ARSampleMeasureAppTests */ = {
			isa = PBXGroup;
			children = (
				8C89F27625329CB30077C546 /* ARSampleMeasureAppTests.swift */,
				8C89F27825329CB30077C546 /* Info.plist */,
			);
			path = ARSampleMeasureAppTests;
			sourceTree = "<group>";
		};
		8C89F28025329CB30077C546 /* ARSampleMeasureAppUITests */ = {
			isa = PBXGroup;
			children = (
				8C89F28125329CB30077C546 /* ARSampleMeasureAppUITests.swift */,
				8C89F28325329CB30077C546 /* Info.plist */,
			);
			path = ARSampleMeasureAppUITests;
			sourceTree = "<group>";
		};
/* End PBXGroup section */

/* Begin PBXNativeTarget section */
		8C89F25B25329CB00077C546 /* ARSampleMeasureApp */ = {
			isa = PBXNativeTarget;
			buildConfigurationList = 8C89F28625329CB30077C546 /* Build configuration list for PBXNativeTarget "ARSampleMeasureApp" */;
			buildPhases = (
				8C89F25825329CB00077C546 /* Sources */,
				8C89F25925329CB00077C546 /* Frameworks */,
				8C89F25A25329CB00077C546 /* Resources */,
			);
			buildRules = (
			);
			dependencies = (
			);
			name = ARSampleMeasureApp;
			productName = ARSampleMeasureApp;
			productReference = 8C89F25C25329CB00077C546 /* ARSampleMeasureApp.app */;
			productType = "com.apple.product-type.application";
		};
		8C89F27125329CB30077C546 /* ARSampleMeasureAppTests */ = {
			isa = PBXNativeTarget;
			buildConfigurationList = 8C89F28925329CB30077C546 /* Build configuration list for PBXNativeTarget "ARSampleMeasureAppTests" */;
			buildPhases = (
				8C89F26E25329CB30077C546 /* Sources */,
				8C89F26F25329CB30077C546 /* Frameworks */,
				8C89F27025329CB30077C546 /* Resources */,
			);
			buildRules = (
			);
			dependencies = (
				8C89F27425329CB30077C546 /* PBXTargetDependency */,
			);
			name = ARSampleMeasureAppTests;
			productName = ARSampleMeasureAppTests;
			productReference = 8C89F27225329CB30077C546 /* ARSampleMeasureAppTests.xctest */;
			productType = "com.apple.product-type.bundle.unit-test";
		};
		8C89F27C25329CB30077C546 /* ARSampleMeasureAppUITests */ = {
			isa = PBXNativeTarget;
			buildConfigurationList = 8C89F28C25329CB30077C546 /* Build configuration list for PBXNativeTarget "ARSampleMeasureAppUITests" */;
			buildPhases = (
				8C89F27925329CB30077C546 /* Sources */,
				8C89F27A25329CB30077C546 /* Frameworks */,
				8C89F27B25329CB30077C546 /* Resources */,
			);
			buildRules = (
			);
			dependencies = (
				8C89F27F25329CB30077C546 /* PBXTargetDependency */,
			);
			name = ARSampleMeasureAppUITests;
			productName = ARSampleMeasureAppUITests;
			productReference = 8C89F27D25329CB30077C546 /* ARSampleMeasureAppUITests.xctest */;
			productType = "com.apple.product-type.bundle.ui-testing";
		};
/* End PBXNativeTarget section */

/* Begin PBXProject section */
		8C89F25425329CB00077C546 /* Project object */ = {
			isa = PBXProject;
			attributes = {
				LastSwiftUpdateCheck = 1170;
				LastUpgradeCheck = 1170;
				ORGANIZATIONNAME = "尾原徳泰";
				TargetAttributes = {
					8C89F25B25329CB00077C546 = {
						CreatedOnToolsVersion = 11.7;
					};
					8C89F27125329CB30077C546 = {
						CreatedOnToolsVersion = 11.7;
						TestTargetID = 8C89F25B25329CB00077C546;
					};
					8C89F27C25329CB30077C546 = {
						CreatedOnToolsVersion = 11.7;
						TestTargetID = 8C89F25B25329CB00077C546;
					};
				};
			};
			buildConfigurationList = 8C89F25725329CB00077C546 /* Build configuration list for PBXProject "ARSampleMeasureApp" */;
			compatibilityVersion = "Xcode 9.3";
			developmentRegion = en;
			hasScannedForEncodings = 0;
			knownRegions = (
				en,
				Base,
			);
			mainGroup = 8C89F25325329CB00077C546;
			productRefGroup = 8C89F25D25329CB00077C546 /* Products */;
			projectDirPath = "";
			projectRoot = "";
			targets = (
				8C89F25B25329CB00077C546 /* ARSampleMeasureApp */,
				8C89F27125329CB30077C546 /* ARSampleMeasureAppTests */,
				8C89F27C25329CB30077C546 /* ARSampleMeasureAppUITests */,
			);
		};
/* End PBXProject section */

/* Begin PBXResourcesBuildPhase section */
		8C89F25A25329CB00077C546 /* Resources */ = {
			isa = PBXResourcesBuildPhase;
			buildActionMask = 2147483647;
			files = (
				8C89F26225329CB00077C546 /* art.scnassets in Resources */,
				8C89F26C25329CB20077C546 /* LaunchScreen.storyboard in Resources */,
				8C89F26925329CB20077C546 /* Assets.xcassets in Resources */,
				8C89F26725329CB00077C546 /* Main.storyboard in Resources */,
			);
			runOnlyForDeploymentPostprocessing = 0;
		};
		8C89F27025329CB30077C546 /* Resources */ = {
			isa = PBXResourcesBuildPhase;
			buildActionMask = 2147483647;
			files = (
			);
			runOnlyForDeploymentPostprocessing = 0;
		};
		8C89F27B25329CB30077C546 /* Resources */ = {
			isa = PBXResourcesBuildPhase;
			buildActionMask = 2147483647;
			files = (
			);
			runOnlyForDeploymentPostprocessing = 0;
		};
/* End PBXResourcesBuildPhase section */

/* Begin PBXSourcesBuildPhase section */
		8C89F25825329CB00077C546 /* Sources */ = {
			isa = PBXSourcesBuildPhase;
			buildActionMask = 2147483647;
			files = (
				8C89F26425329CB00077C546 /* ViewController.swift in Sources */,
				8C89F26025329CB00077C546 /* AppDelegate.swift in Sources */,
			);
			runOnlyForDeploymentPostprocessing = 0;
		};
		8C89F26E25329CB30077C546 /* Sources */ = {
			isa = PBXSourcesBuildPhase;
			buildActionMask = 2147483647;
			files = (
				8C89F27725329CB30077C546 /* ARSampleMeasureAppTests.swift in Sources */,
			);
			runOnlyForDeploymentPostprocessing = 0;
		};
		8C89F27925329CB30077C546 /* Sources */ = {
			isa = PBXSourcesBuildPhase;
			buildActionMask = 2147483647;
			files = (
				8C89F28225329CB30077C546 /* ARSampleMeasureAppUITests.swift in Sources */,
			);
			runOnlyForDeploymentPostprocessing = 0;
		};
/* End PBXSourcesBuildPhase section */

/* Begin PBXTargetDependency section */
		8C89F27425329CB30077C546 /* PBXTargetDependency */ = {
			isa = PBXTargetDependency;
			target = 8C89F25B25329CB00077C546 /* ARSampleMeasureApp */;
			targetProxy = 8C89F27325329CB30077C546 /* PBXContainerItemProxy */;
		};
		8C89F27F25329CB30077C546 /* PBXTargetDependency */ = {
			isa = PBXTargetDependency;
			target = 8C89F25B25329CB00077C546 /* ARSampleMeasureApp */;
			targetProxy = 8C89F27E25329CB30077C546 /* PBXContainerItemProxy */;
		};
/* End PBXTargetDependency section */

/* Begin PBXVariantGroup section */
		8C89F26525329CB00077C546 /* Main.storyboard */ = {
			isa = PBXVariantGroup;
			children = (
				8C89F26625329CB00077C546 /* Base */,
			);
			name = Main.storyboard;
			sourceTree = "<group>";
		};
		8C89F26A25329CB20077C546 /* LaunchScreen.storyboard */ = {
			isa = PBXVariantGroup;
			children = (
				8C89F26B25329CB20077C546 /* Base */,
			);
			name = LaunchScreen.storyboard;
			sourceTree = "<group>";
		};
/* End PBXVariantGroup section */

/* Begin XCBuildConfiguration section */
		8C89F28425329CB30077C546 /* Debug */ = {
			isa = XCBuildConfiguration;
			buildSettings = {
				ALWAYS_SEARCH_USER_PATHS = NO;
				CLANG_ANALYZER_NONNULL = YES;
				CLANG_ANALYZER_NUMBER_OBJECT_CONVERSION = YES_AGGRESSIVE;
				CLANG_CXX_LANGUAGE_STANDARD = "gnu++14";
				CLANG_CXX_LIBRARY = "libc++";
				CLANG_ENABLE_MODULES = YES;
				CLANG_ENABLE_OBJC_ARC = YES;
				CLANG_ENABLE_OBJC_WEAK = YES;
				CLANG_WARN_BLOCK_CAPTURE_AUTORELEASING = YES;
				CLANG_WARN_BOOL_CONVERSION = YES;
				CLANG_WARN_COMMA = YES;
				CLANG_WARN_CONSTANT_CONVERSION = YES;
				CLANG_WARN_DEPRECATED_OBJC_IMPLEMENTATIONS = YES;
				CLANG_WARN_DIRECT_OBJC_ISA_USAGE = YES_ERROR;
				CLANG_WARN_DOCUMENTATION_COMMENTS = YES;
				CLANG_WARN_EMPTY_BODY = YES;
				CLANG_WARN_ENUM_CONVERSION = YES;
				CLANG_WARN_INFINITE_RECURSION = YES;
				CLANG_WARN_INT_CONVERSION = YES;
				CLANG_WARN_NON_LITERAL_NULL_CONVERSION = YES;
				CLANG_WARN_OBJC_IMPLICIT_RETAIN_SELF = YES;
				CLANG_WARN_OBJC_LITERAL_CONVERSION = YES;
				CLANG_WARN_OBJC_ROOT_CLASS = YES_ERROR;
				CLANG_WARN_RANGE_LOOP_ANALYSIS = YES;
				CLANG_WARN_STRICT_PROTOTYPES = YES;
				CLANG_WARN_SUSPICIOUS_MOVE = YES;
				CLANG_WARN_UNGUARDED_AVAILABILITY = YES_AGGRESSIVE;
				CLANG_WARN_UNREACHABLE_CODE = YES;
				CLANG_WARN__DUPLICATE_METHOD_MATCH = YES;
				COPY_PHASE_STRIP = NO;
				DEBUG_INFORMATION_FORMAT = dwarf;
				ENABLE_STRICT_OBJC_MSGSEND = YES;
				ENABLE_TESTABILITY = YES;
				GCC_C_LANGUAGE_STANDARD = gnu11;
				GCC_DYNAMIC_NO_PIC = NO;
				GCC_NO_COMMON_BLOCKS = YES;
				GCC_OPTIMIZATION_LEVEL = 0;
				GCC_PREPROCESSOR_DEFINITIONS = (
					"DEBUG=1",
					"$(inherited)",
				);
				GCC_WARN_64_TO_32_BIT_CONVERSION = YES;
				GCC_WARN_ABOUT_RETURN_TYPE = YES_ERROR;
				GCC_WARN_UNDECLARED_SELECTOR = YES;
				GCC_WARN_UNINITIALIZED_AUTOS = YES_AGGRESSIVE;
				GCC_WARN_UNUSED_FUNCTION = YES;
				GCC_WARN_UNUSED_VARIABLE = YES;
				IPHONEOS_DEPLOYMENT_TARGET = 13.7;
				MTL_ENABLE_DEBUG_INFO = INCLUDE_SOURCE;
				MTL_FAST_MATH = YES;
				ONLY_ACTIVE_ARCH = YES;
				SDKROOT = iphoneos;
				SWIFT_ACTIVE_COMPILATION_CONDITIONS = DEBUG;
				SWIFT_OPTIMIZATION_LEVEL = "-Onone";
			};
			name = Debug;
		};
		8C89F28525329CB30077C546 /* Release */ = {
			isa = XCBuildConfiguration;
			buildSettings = {
				ALWAYS_SEARCH_USER_PATHS = NO;
				CLANG_ANALYZER_NONNULL = YES;
				CLANG_ANALYZER_NUMBER_OBJECT_CONVERSION = YES_AGGRESSIVE;
				CLANG_CXX_LANGUAGE_STANDARD = "gnu++14";
				CLANG_CXX_LIBRARY = "libc++";
				CLANG_ENABLE_MODULES = YES;
				CLANG_ENABLE_OBJC_ARC = YES;
				CLANG_ENABLE_OBJC_WEAK = YES;
				CLANG_WARN_BLOCK_CAPTURE_AUTORELEASING = YES;
				CLANG_WARN_BOOL_CONVERSION = YES;
				CLANG_WARN_COMMA = YES;
				CLANG_WARN_CONSTANT_CONVERSION = YES;
				CLANG_WARN_DEPRECATED_OBJC_IMPLEMENTATIONS = YES;
				CLANG_WARN_DIRECT_OBJC_ISA_USAGE = YES_ERROR;
				CLANG_WARN_DOCUMENTATION_COMMENTS = YES;
				CLANG_WARN_EMPTY_BODY = YES;
				CLANG_WARN_ENUM_CONVERSION = YES;
				CLANG_WARN_INFINITE_RECURSION = YES;
				CLANG_WARN_INT_CONVERSION = YES;
				CLANG_WARN_NON_LITERAL_NULL_CONVERSION = YES;
				CLANG_WARN_OBJC_IMPLICIT_RETAIN_SELF = YES;
				CLANG_WARN_OBJC_LITERAL_CONVERSION = YES;
				CLANG_WARN_OBJC_ROOT_CLASS = YES_ERROR;
				CLANG_WARN_RANGE_LOOP_ANALYSIS = YES;
				CLANG_WARN_STRICT_PROTOTYPES = YES;
				CLANG_WARN_SUSPICIOUS_MOVE = YES;
				CLANG_WARN_UNGUARDED_AVAILABILITY = YES_AGGRESSIVE;
				CLANG_WARN_UNREACHABLE_CODE = YES;
				CLANG_WARN__DUPLICATE_METHOD_MATCH = YES;
				COPY_PHASE_STRIP = NO;
				DEBUG_INFORMATION_FORMAT = "dwarf-with-dsym";
				ENABLE_NS_ASSERTIONS = NO;
				ENABLE_STRICT_OBJC_MSGSEND = YES;
				GCC_C_LANGUAGE_STANDARD = gnu11;
				GCC_NO_COMMON_BLOCKS = YES;
				GCC_WARN_64_TO_32_BIT_CONVERSION = YES;
				GCC_WARN_ABOUT_RETURN_TYPE = YES_ERROR;
				GCC_WARN_UNDECLARED_SELECTOR = YES;
				GCC_WARN_UNINITIALIZED_AUTOS = YES_AGGRESSIVE;
				GCC_WARN_UNUSED_FUNCTION = YES;
				GCC_WARN_UNUSED_VARIABLE = YES;
				IPHONEOS_DEPLOYMENT_TARGET = 13.7;
				MTL_ENABLE_DEBUG_INFO = NO;
				MTL_FAST_MATH = YES;
				SDKROOT = iphoneos;
				SWIFT_COMPILATION_MODE = wholemodule;
				SWIFT_OPTIMIZATION_LEVEL = "-O";
				VALIDATE_PRODUCT = YES;
			};
			name = Release;
		};
		8C89F28725329CB30077C546 /* Debug */ = {
			isa = XCBuildConfiguration;
			buildSettings = {
				ASSETCATALOG_COMPILER_APPICON_NAME = AppIcon;
				CODE_SIGN_STYLE = Automatic;
				DEVELOPMENT_TEAM = 4VA5NBL27P;
				INFOPLIST_FILE = ARSampleMeasureApp/Info.plist;
				LD_RUNPATH_SEARCH_PATHS = (
					"$(inherited)",
					"@executable_path/Frameworks",
				);
				PRODUCT_BUNDLE_IDENTIFIER = com.gmail.tukareta.nori.ARSampleMeasureApp;
				PRODUCT_NAME = "$(TARGET_NAME)";
				SWIFT_VERSION = 5.0;
				TARGETED_DEVICE_FAMILY = "1,2";
			};
			name = Debug;
		};
		8C89F28825329CB30077C546 /* Release */ = {
			isa = XCBuildConfiguration;
			buildSettings = {
				ASSETCATALOG_COMPILER_APPICON_NAME = AppIcon;
				CODE_SIGN_STYLE = Automatic;
				DEVELOPMENT_TEAM = 4VA5NBL27P;
				INFOPLIST_FILE = ARSampleMeasureApp/Info.plist;
				LD_RUNPATH_SEARCH_PATHS = (
					"$(inherited)",
					"@executable_path/Frameworks",
				);
				PRODUCT_BUNDLE_IDENTIFIER = com.gmail.tukareta.nori.ARSampleMeasureApp;
				PRODUCT_NAME = "$(TARGET_NAME)";
				SWIFT_VERSION = 5.0;
				TARGETED_DEVICE_FAMILY = "1,2";
			};
			name = Release;
		};
		8C89F28A25329CB30077C546 /* Debug */ = {
			isa = XCBuildConfiguration;
			buildSettings = {
				ALWAYS_EMBED_SWIFT_STANDARD_LIBRARIES = YES;
				BUNDLE_LOADER = "$(TEST_HOST)";
				CODE_SIGN_STYLE = Automatic;
				DEVELOPMENT_TEAM = 4VA5NBL27P;
				INFOPLIST_FILE = ARSampleMeasureAppTests/Info.plist;
				IPHONEOS_DEPLOYMENT_TARGET = 13.7;
				LD_RUNPATH_SEARCH_PATHS = (
					"$(inherited)",
					"@executable_path/Frameworks",
					"@loader_path/Frameworks",
				);
				PRODUCT_BUNDLE_IDENTIFIER = com.gmail.tukareta.nori.ARSampleMeasureAppTests;
				PRODUCT_NAME = "$(TARGET_NAME)";
				SWIFT_VERSION = 5.0;
				TARGETED_DEVICE_FAMILY = "1,2";
				TEST_HOST = "$(BUILT_PRODUCTS_DIR)/ARSampleMeasureApp.app/ARSampleMeasureApp";
			};
			name = Debug;
		};
		8C89F28B25329CB30077C546 /* Release */ = {
			isa = XCBuildConfiguration;
			buildSettings = {
				ALWAYS_EMBED_SWIFT_STANDARD_LIBRARIES = YES;
				BUNDLE_LOADER = "$(TEST_HOST)";
				CODE_SIGN_STYLE = Automatic;
				DEVELOPMENT_TEAM = 4VA5NBL27P;
				INFOPLIST_FILE = ARSampleMeasureAppTests/Info.plist;
				IPHONEOS_DEPLOYMENT_TARGET = 13.7;
				LD_RUNPATH_SEARCH_PATHS = (
					"$(inherited)",
					"@executable_path/Frameworks",
					"@loader_path/Frameworks",
				);
				PRODUCT_BUNDLE_IDENTIFIER = com.gmail.tukareta.nori.ARSampleMeasureAppTests;
				PRODUCT_NAME = "$(TARGET_NAME)";
				SWIFT_VERSION = 5.0;
				TARGETED_DEVICE_FAMILY = "1,2";
				TEST_HOST = "$(BUILT_PRODUCTS_DIR)/ARSampleMeasureApp.app/ARSampleMeasureApp";
			};
			name = Release;
		};
		8C89F28D25329CB30077C546 /* Debug */ = {
			isa = XCBuildConfiguration;
			buildSettings = {
				ALWAYS_EMBED_SWIFT_STANDARD_LIBRARIES = YES;
				CODE_SIGN_STYLE = Automatic;
				DEVELOPMENT_TEAM = 4VA5NBL27P;
				INFOPLIST_FILE = ARSampleMeasureAppUITests/Info.plist;
				LD_RUNPATH_SEARCH_PATHS = (
					"$(inherited)",
					"@executable_path/Frameworks",
					"@loader_path/Frameworks",
				);
				PRODUCT_BUNDLE_IDENTIFIER = com.gmail.tukareta.nori.ARSampleMeasureAppUITests;
				PRODUCT_NAME = "$(TARGET_NAME)";
				SWIFT_VERSION = 5.0;
				TARGETED_DEVICE_FAMILY = "1,2";
				TEST_TARGET_NAME = ARSampleMeasureApp;
			};
			name = Debug;
		};
		8C89F28E25329CB30077C546 /* Release */ = {
			isa = XCBuildConfiguration;
			buildSettings = {
				ALWAYS_EMBED_SWIFT_STANDARD_LIBRARIES = YES;
				CODE_SIGN_STYLE = Automatic;
				DEVELOPMENT_TEAM = 4VA5NBL27P;
				INFOPLIST_FILE = ARSampleMeasureAppUITests/Info.plist;
				LD_RUNPATH_SEARCH_PATHS = (
					"$(inherited)",
					"@executable_path/Frameworks",
					"@loader_path/Frameworks",
				);
				PRODUCT_BUNDLE_IDENTIFIER = com.gmail.tukareta.nori.ARSampleMeasureAppUITests;
				PRODUCT_NAME = "$(TARGET_NAME)";
				SWIFT_VERSION = 5.0;
				TARGETED_DEVICE_FAMILY = "1,2";
				TEST_TARGET_NAME = ARSampleMeasureApp;
			};
			name = Release;
		};
/* End XCBuildConfiguration section */

/* Begin XCConfigurationList section */
		8C89F25725329CB00077C546 /* Build configuration list for PBXProject "ARSampleMeasureApp" */ = {
			isa = XCConfigurationList;
			buildConfigurations = (
				8C89F28425329CB30077C546 /* Debug */,
				8C89F28525329CB30077C546 /* Release */,
			);
			defaultConfigurationIsVisible = 0;
			defaultConfigurationName = Release;
		};
		8C89F28625329CB30077C546 /* Build configuration list for PBXNativeTarget "ARSampleMeasureApp" */ = {
			isa = XCConfigurationList;
			buildConfigurations = (
				8C89F28725329CB30077C546 /* Debug */,
				8C89F28825329CB30077C546 /* Release */,
			);
			defaultConfigurationIsVisible = 0;
			defaultConfigurationName = Release;
		};
		8C89F28925329CB30077C546 /* Build configuration list for PBXNativeTarget "ARSampleMeasureAppTests" */ = {
			isa = XCConfigurationList;
			buildConfigurations = (
				8C89F28A25329CB30077C546 /* Debug */,
				8C89F28B25329CB30077C546 /* Release */,
			);
			defaultConfigurationIsVisible = 0;
			defaultConfigurationName = Release;
		};
		8C89F28C25329CB30077C546 /* Build configuration list for PBXNativeTarget "ARSampleMeasureAppUITests" */ = {
			isa = XCConfigurationList;
			buildConfigurations = (
				8C89F28D25329CB30077C546 /* Debug */,
				8C89F28E25329CB30077C546 /* Release */,
			);
			defaultConfigurationIsVisible = 0;
			defaultConfigurationName = Release;
		};
/* End XCConfigurationList section */
	};
	rootObject = 8C89F25425329CB00077C546 /* Project object */;
}
