// !$*UTF8*$!
{
	archiveVersion = 1;
	classes = {
	};
	objectVersion = 50;
	objects = {

/* Begin PBXBuildFile section */
		8C89F0802530A0420077C546 /* AppDelegate.swift in Sources */ = {isa = PBXBuildFile; fileRef = 8C89F07F2530A0420077C546 /* AppDelegate.swift */; };
		8C89F0822530A0420077C546 /* art.scnassets in Resources */ = {isa = PBXBuildFile; fileRef = 8C89F0812530A0420077C546 /* art.scnassets */; };
		8C89F0842530A0420077C546 /* ViewController.swift in Sources */ = {isa = PBXBuildFile; fileRef = 8C89F0832530A0420077C546 /* ViewController.swift */; };
		8C89F0872530A0420077C546 /* Main.storyboard in Resources */ = {isa = PBXBuildFile; fileRef = 8C89F0852530A0420077C546 /* Main.storyboard */; };
		8C89F0892530A0440077C546 /* Assets.xcassets in Resources */ = {isa = PBXBuildFile; fileRef = 8C89F0882530A0440077C546 /* Assets.xcassets */; };
		8C89F08C2530A0440077C546 /* LaunchScreen.storyboard in Resources */ = {isa = PBXBuildFile; fileRef = 8C89F08A2530A0440077C546 /* LaunchScreen.storyboard */; };
		8C89F0972530A0440077C546 /* ARSampleEnvmapAppTests.swift in Sources */ = {isa = PBXBuildFile; fileRef = 8C89F0962530A0440077C546 /* ARSampleEnvmapAppTests.swift */; };
		8C89F0A22530A0440077C546 /* ARSampleEnvmapAppUITests.swift in Sources */ = {isa = PBXBuildFile; fileRef = 8C89F0A12530A0440077C546 /* ARSampleEnvmapAppUITests.swift */; };
/* End PBXBuildFile section */

/* Begin PBXContainerItemProxy section */
		8C89F0932530A0440077C546 /* PBXContainerItemProxy */ = {
			isa = PBXContainerItemProxy;
			containerPortal = 8C89F0742530A0420077C546 /* Project object */;
			proxyType = 1;
			remoteGlobalIDString = 8C89F07B2530A0420077C546;
			remoteInfo = ARSampleEnvmapApp;
		};
		8C89F09E2530A0440077C546 /* PBXContainerItemProxy */ = {
			isa = PBXContainerItemProxy;
			containerPortal = 8C89F0742530A0420077C546 /* Project object */;
			proxyType = 1;
			remoteGlobalIDString = 8C89F07B2530A0420077C546;
			remoteInfo = ARSampleEnvmapApp;
		};
/* End PBXContainerItemProxy section */

/* Begin PBXFileReference section */
		8C89F07C2530A0420077C546 /* ARSampleEnvmapApp.app */ = {isa = PBXFileReference; explicitFileType = wrapper.application; includeInIndex = 0; path = ARSampleEnvmapApp.app; sourceTree = BUILT_PRODUCTS_DIR; };
		8C89F07F2530A0420077C546 /* AppDelegate.swift */ = {isa = PBXFileReference; lastKnownFileType = sourcecode.swift; path = AppDelegate.swift; sourceTree = "<group>"; };
		8C89F0812530A0420077C546 /* art.scnassets */ = {isa = PBXFileReference; lastKnownFileType = wrapper.scnassets; path = art.scnassets; sourceTree = "<group>"; };
		8C89F0832530A0420077C546 /* ViewController.swift */ = {isa = PBXFileReference; lastKnownFileType = sourcecode.swift; path = ViewController.swift; sourceTree = "<group>"; };
		8C89F0862530A0420077C546 /* Base */ = {isa = PBXFileReference; lastKnownFileType = file.storyboard; name = Base; path = Base.lproj/Main.storyboard; sourceTree = "<group>"; };
		8C89F0882530A0440077C546 /* Assets.xcassets */ = {isa = PBXFileReference; lastKnownFileType = folder.assetcatalog; path = Assets.xcassets; sourceTree = "<group>"; };
		8C89F08B2530A0440077C546 /* Base */ = {isa = PBXFileReference; lastKnownFileType = file.storyboard; name = Base; path = Base.lproj/LaunchScreen.storyboard; sourceTree = "<group>"; };
		8C89F08D2530A0440077C546 /* Info.plist */ = {isa = PBXFileReference; lastKnownFileType = text.plist.xml; path = Info.plist; sourceTree = "<group>"; };
		8C89F0922530A0440077C546 /* ARSampleEnvmapAppTests.xctest */ = {isa = PBXFileReference; explicitFileType = wrapper.cfbundle; includeInIndex = 0; path = ARSampleEnvmapAppTests.xctest; sourceTree = BUILT_PRODUCTS_DIR; };
		8C89F0962530A0440077C546 /* ARSampleEnvmapAppTests.swift */ = {isa = PBXFileReference; lastKnownFileType = sourcecode.swift; path = ARSampleEnvmapAppTests.swift; sourceTree = "<group>"; };
		8C89F0982530A0440077C546 /* Info.plist */ = {isa = PBXFileReference; lastKnownFileType = text.plist.xml; path = Info.plist; sourceTree = "<group>"; };
		8C89F09D2530A0440077C546 /* ARSampleEnvmapAppUITests.xctest */ = {isa = PBXFileReference; explicitFileType = wrapper.cfbundle; includeInIndex = 0; path = ARSampleEnvmapAppUITests.xctest; sourceTree = BUILT_PRODUCTS_DIR; };
		8C89F0A12530A0440077C546 /* ARSampleEnvmapAppUITests.swift */ = {isa = PBXFileReference; lastKnownFileType = sourcecode.swift; path = ARSampleEnvmapAppUITests.swift; sourceTree = "<group>"; };
		8C89F0A32530A0440077C546 /* Info.plist */ = {isa = PBXFileReference; lastKnownFileType = text.plist.xml; path = Info.plist; sourceTree = "<group>"; };
/* End PBXFileReference section */

/* Begin PBXFrameworksBuildPhase section */
		8C89F0792530A0420077C546 /* Frameworks */ = {
			isa = PBXFrameworksBuildPhase;
			buildActionMask = 2147483647;
			files = (
			);
			runOnlyForDeploymentPostprocessing = 0;
		};
		8C89F08F2530A0440077C546 /* Frameworks */ = {
			isa = PBXFrameworksBuildPhase;
			buildActionMask = 2147483647;
			files = (
			);
			runOnlyForDeploymentPostprocessing = 0;
		};
		8C89F09A2530A0440077C546 /* Frameworks */ = {
			isa = PBXFrameworksBuildPhase;
			buildActionMask = 2147483647;
			files = (
			);
			runOnlyForDeploymentPostprocessing = 0;
		};
/* End PBXFrameworksBuildPhase section */

/* Begin PBXGroup section */
		8C89F0732530A0420077C546 = {
			isa = PBXGroup;
			children = (
				8C89F07E2530A0420077C546 /* ARSampleEnvmapApp */,
				8C89F0952530A0440077C546 /* ARSampleEnvmapAppTests */,
				8C89F0A02530A0440077C546 /* ARSampleEnvmapAppUITests */,
				8C89F07D2530A0420077C546 /* Products */,
			);
			sourceTree = "<group>";
		};
		8C89F07D2530A0420077C546 /* Products */ = {
			isa = PBXGroup;
			children = (
				8C89F07C2530A0420077C546 /* ARSampleEnvmapApp.app */,
				8C89F0922530A0440077C546 /* ARSampleEnvmapAppTests.xctest */,
				8C89F09D2530A0440077C546 /* ARSampleEnvmapAppUITests.xctest */,
			);
			name = Products;
			sourceTree = "<group>";
		};
		8C89F07E2530A0420077C546 /* ARSampleEnvmapApp */ = {
			isa = PBXGroup;
			children = (
				8C89F07F2530A0420077C546 /* AppDelegate.swift */,
				8C89F0812530A0420077C546 /* art.scnassets */,
				8C89F0832530A0420077C546 /* ViewController.swift */,
				8C89F0852530A0420077C546 /* Main.storyboard */,
				8C89F0882530A0440077C546 /* Assets.xcassets */,
				8C89F08A2530A0440077C546 /* LaunchScreen.storyboard */,
				8C89F08D2530A0440077C546 /* Info.plist */,
			);
			path = ARSampleEnvmapApp;
			sourceTree = "<group>";
		};
		8C89F0952530A0440077C546 /* ARSampleEnvmapAppTests */ = {
			isa = PBXGroup;
			children = (
				8C89F0962530A0440077C546 /* ARSampleEnvmapAppTests.swift */,
				8C89F0982530A0440077C546 /* Info.plist */,
			);
			path = ARSampleEnvmapAppTests;
			sourceTree = "<group>";
		};
		8C89F0A02530A0440077C546 /* ARSampleEnvmapAppUITests */ = {
			isa = PBXGroup;
			children = (
				8C89F0A12530A0440077C546 /* ARSampleEnvmapAppUITests.swift */,
				8C89F0A32530A0440077C546 /* Info.plist */,
			);
			path = ARSampleEnvmapAppUITests;
			sourceTree = "<group>";
		};
/* End PBXGroup section */

/* Begin PBXNativeTarget section */
		8C89F07B2530A0420077C546 /* ARSampleEnvmapApp */ = {
			isa = PBXNativeTarget;
			buildConfigurationList = 8C89F0A62530A0440077C546 /* Build configuration list for PBXNativeTarget "ARSampleEnvmapApp" */;
			buildPhases = (
				8C89F0782530A0420077C546 /* Sources */,
				8C89F0792530A0420077C546 /* Frameworks */,
				8C89F07A2530A0420077C546 /* Resources */,
			);
			buildRules = (
			);
			dependencies = (
			);
			name = ARSampleEnvmapApp;
			productName = ARSampleEnvmapApp;
			productReference = 8C89F07C2530A0420077C546 /* ARSampleEnvmapApp.app */;
			productType = "com.apple.product-type.application";
		};
		8C89F0912530A0440077C546 /* ARSampleEnvmapAppTests */ = {
			isa = PBXNativeTarget;
			buildConfigurationList = 8C89F0A92530A0440077C546 /* Build configuration list for PBXNativeTarget "ARSampleEnvmapAppTests" */;
			buildPhases = (
				8C89F08E2530A0440077C546 /* Sources */,
				8C89F08F2530A0440077C546 /* Frameworks */,
				8C89F0902530A0440077C546 /* Resources */,
			);
			buildRules = (
			);
			dependencies = (
				8C89F0942530A0440077C546 /* PBXTargetDependency */,
			);
			name = ARSampleEnvmapAppTests;
			productName = ARSampleEnvmapAppTests;
			productReference = 8C89F0922530A0440077C546 /* ARSampleEnvmapAppTests.xctest */;
			productType = "com.apple.product-type.bundle.unit-test";
		};
		8C89F09C2530A0440077C546 /* ARSampleEnvmapAppUITests */ = {
			isa = PBXNativeTarget;
			buildConfigurationList = 8C89F0AC2530A0440077C546 /* Build configuration list for PBXNativeTarget "ARSampleEnvmapAppUITests" */;
			buildPhases = (
				8C89F0992530A0440077C546 /* Sources */,
				8C89F09A2530A0440077C546 /* Frameworks */,
				8C89F09B2530A0440077C546 /* Resources */,
			);
			buildRules = (
			);
			dependencies = (
				8C89F09F2530A0440077C546 /* PBXTargetDependency */,
			);
			name = ARSampleEnvmapAppUITests;
			productName = ARSampleEnvmapAppUITests;
			productReference = 8C89F09D2530A0440077C546 /* ARSampleEnvmapAppUITests.xctest */;
			productType = "com.apple.product-type.bundle.ui-testing";
		};
/* End PBXNativeTarget section */

/* Begin PBXProject section */
		8C89F0742530A0420077C546 /* Project object */ = {
			isa = PBXProject;
			attributes = {
				LastSwiftUpdateCheck = 1170;
				LastUpgradeCheck = 1170;
				ORGANIZATIONNAME = "尾原徳泰";
				TargetAttributes = {
					8C89F07B2530A0420077C546 = {
						CreatedOnToolsVersion = 11.7;
					};
					8C89F0912530A0440077C546 = {
						CreatedOnToolsVersion = 11.7;
						TestTargetID = 8C89F07B2530A0420077C546;
					};
					8C89F09C2530A0440077C546 = {
						CreatedOnToolsVersion = 11.7;
						TestTargetID = 8C89F07B2530A0420077C546;
					};
				};
			};
			buildConfigurationList = 8C89F0772530A0420077C546 /* Build configuration list for PBXProject "ARSampleEnvmapApp" */;
			compatibilityVersion = "Xcode 9.3";
			developmentRegion = en;
			hasScannedForEncodings = 0;
			knownRegions = (
				en,
				Base,
			);
			mainGroup = 8C89F0732530A0420077C546;
			productRefGroup = 8C89F07D2530A0420077C546 /* Products */;
			projectDirPath = "";
			projectRoot = "";
			targets = (
				8C89F07B2530A0420077C546 /* ARSampleEnvmapApp */,
				8C89F0912530A0440077C546 /* ARSampleEnvmapAppTests */,
				8C89F09C2530A0440077C546 /* ARSampleEnvmapAppUITests */,
			);
		};
/* End PBXProject section */

/* Begin PBXResourcesBuildPhase section */
		8C89F07A2530A0420077C546 /* Resources */ = {
			isa = PBXResourcesBuildPhase;
			buildActionMask = 2147483647;
			files = (
				8C89F0822530A0420077C546 /* art.scnassets in Resources */,
				8C89F08C2530A0440077C546 /* LaunchScreen.storyboard in Resources */,
				8C89F0892530A0440077C546 /* Assets.xcassets in Resources */,
				8C89F0872530A0420077C546 /* Main.storyboard in Resources */,
			);
			runOnlyForDeploymentPostprocessing = 0;
		};
		8C89F0902530A0440077C546 /* Resources */ = {
			isa = PBXResourcesBuildPhase;
			buildActionMask = 2147483647;
			files = (
			);
			runOnlyForDeploymentPostprocessing = 0;
		};
		8C89F09B2530A0440077C546 /* Resources */ = {
			isa = PBXResourcesBuildPhase;
			buildActionMask = 2147483647;
			files = (
			);
			runOnlyForDeploymentPostprocessing = 0;
		};
/* End PBXResourcesBuildPhase section */

/* Begin PBXSourcesBuildPhase section */
		8C89F0782530A0420077C546 /* Sources */ = {
			isa = PBXSourcesBuildPhase;
			buildActionMask = 2147483647;
			files = (
				8C89F0842530A0420077C546 /* ViewController.swift in Sources */,
				8C89F0802530A0420077C546 /* AppDelegate.swift in Sources */,
			);
			runOnlyForDeploymentPostprocessing = 0;
		};
		8C89F08E2530A0440077C546 /* Sources */ = {
			isa = PBXSourcesBuildPhase;
			buildActionMask = 2147483647;
			files = (
				8C89F0972530A0440077C546 /* ARSampleEnvmapAppTests.swift in Sources */,
			);
			runOnlyForDeploymentPostprocessing = 0;
		};
		8C89F0992530A0440077C546 /* Sources */ = {
			isa = PBXSourcesBuildPhase;
			buildActionMask = 2147483647;
			files = (
				8C89F0A22530A0440077C546 /* ARSampleEnvmapAppUITests.swift in Sources */,
			);
			runOnlyForDeploymentPostprocessing = 0;
		};
/* End PBXSourcesBuildPhase section */

/* Begin PBXTargetDependency section */
		8C89F0942530A0440077C546 /* PBXTargetDependency */ = {
			isa = PBXTargetDependency;
			target = 8C89F07B2530A0420077C546 /* ARSampleEnvmapApp */;
			targetProxy = 8C89F0932530A0440077C546 /* PBXContainerItemProxy */;
		};
		8C89F09F2530A0440077C546 /* PBXTargetDependency */ = {
			isa = PBXTargetDependency;
			target = 8C89F07B2530A0420077C546 /* ARSampleEnvmapApp */;
			targetProxy = 8C89F09E2530A0440077C546 /* PBXContainerItemProxy */;
		};
/* End PBXTargetDependency section */

/* Begin PBXVariantGroup section */
		8C89F0852530A0420077C546 /* Main.storyboard */ = {
			isa = PBXVariantGroup;
			children = (
				8C89F0862530A0420077C546 /* Base */,
			);
			name = Main.storyboard;
			sourceTree = "<group>";
		};
		8C89F08A2530A0440077C546 /* LaunchScreen.storyboard */ = {
			isa = PBXVariantGroup;
			children = (
				8C89F08B2530A0440077C546 /* Base */,
			);
			name = LaunchScreen.storyboard;
			sourceTree = "<group>";
		};
/* End PBXVariantGroup section */

/* Begin XCBuildConfiguration section */
		8C89F0A42530A0440077C546 /* Debug */ = {
			isa = XCBuildConfiguration;
			buildSettings = {
				ALWAYS_SEARCH_USER_PATHS = NO;
				CLANG_ANALYZER_NONNULL = YES;
				CLANG_ANALYZER_NUMBER_OBJECT_CONVERSION = YES_AGGRESSIVE;
				CLANG_CXX_LANGUAGE_STANDARD = "gnu++14";
				CLANG_CXX_LIBRARY = "libc++";
				CLANG_ENABLE_MODULES = YES;
				CLANG_ENABLE_OBJC_ARC = YES;
				CLANG_ENABLE_OBJC_WEAK = YES;
				CLANG_WARN_BLOCK_CAPTURE_AUTORELEASING = YES;
				CLANG_WARN_BOOL_CONVERSION = YES;
				CLANG_WARN_COMMA = YES;
				CLANG_WARN_CONSTANT_CONVERSION = YES;
				CLANG_WARN_DEPRECATED_OBJC_IMPLEMENTATIONS = YES;
				CLANG_WARN_DIRECT_OBJC_ISA_USAGE = YES_ERROR;
				CLANG_WARN_DOCUMENTATION_COMMENTS = YES;
				CLANG_WARN_EMPTY_BODY = YES;
				CLANG_WARN_ENUM_CONVERSION = YES;
				CLANG_WARN_INFINITE_RECURSION = YES;
				CLANG_WARN_INT_CONVERSION = YES;
				CLANG_WARN_NON_LITERAL_NULL_CONVERSION = YES;
				CLANG_WARN_OBJC_IMPLICIT_RETAIN_SELF = YES;
				CLANG_WARN_OBJC_LITERAL_CONVERSION = YES;
				CLANG_WARN_OBJC_ROOT_CLASS = YES_ERROR;
				CLANG_WARN_RANGE_LOOP_ANALYSIS = YES;
				CLANG_WARN_STRICT_PROTOTYPES = YES;
				CLANG_WARN_SUSPICIOUS_MOVE = YES;
				CLANG_WARN_UNGUARDED_AVAILABILITY = YES_AGGRESSIVE;
				CLANG_WARN_UNREACHABLE_CODE = YES;
				CLANG_WARN__DUPLICATE_METHOD_MATCH = YES;
				COPY_PHASE_STRIP = NO;
				DEBUG_INFORMATION_FORMAT = dwarf;
				ENABLE_STRICT_OBJC_MSGSEND = YES;
				ENABLE_TESTABILITY = YES;
				GCC_C_LANGUAGE_STANDARD = gnu11;
				GCC_DYNAMIC_NO_PIC = NO;
				GCC_NO_COMMON_BLOCKS = YES;
				GCC_OPTIMIZATION_LEVEL = 0;
				GCC_PREPROCESSOR_DEFINITIONS = (
					"DEBUG=1",
					"$(inherited)",
				);
				GCC_WARN_64_TO_32_BIT_CONVERSION = YES;
				GCC_WARN_ABOUT_RETURN_TYPE = YES_ERROR;
				GCC_WARN_UNDECLARED_SELECTOR = YES;
				GCC_WARN_UNINITIALIZED_AUTOS = YES_AGGRESSIVE;
				GCC_WARN_UNUSED_FUNCTION = YES;
				GCC_WARN_UNUSED_VARIABLE = YES;
				IPHONEOS_DEPLOYMENT_TARGET = 13.7;
				MTL_ENABLE_DEBUG_INFO = INCLUDE_SOURCE;
				MTL_FAST_MATH = YES;
				ONLY_ACTIVE_ARCH = YES;
				SDKROOT = iphoneos;
				SWIFT_ACTIVE_COMPILATION_CONDITIONS = DEBUG;
				SWIFT_OPTIMIZATION_LEVEL = "-Onone";
			};
			name = Debug;
		};
		8C89F0A52530A0440077C546 /* Release */ = {
			isa = XCBuildConfiguration;
			buildSettings = {
				ALWAYS_SEARCH_USER_PATHS = NO;
				CLANG_ANALYZER_NONNULL = YES;
				CLANG_ANALYZER_NUMBER_OBJECT_CONVERSION = YES_AGGRESSIVE;
				CLANG_CXX_LANGUAGE_STANDARD = "gnu++14";
				CLANG_CXX_LIBRARY = "libc++";
				CLANG_ENABLE_MODULES = YES;
				CLANG_ENABLE_OBJC_ARC = YES;
				CLANG_ENABLE_OBJC_WEAK = YES;
				CLANG_WARN_BLOCK_CAPTURE_AUTORELEASING = YES;
				CLANG_WARN_BOOL_CONVERSION = YES;
				CLANG_WARN_COMMA = YES;
				CLANG_WARN_CONSTANT_CONVERSION = YES;
				CLANG_WARN_DEPRECATED_OBJC_IMPLEMENTATIONS = YES;
				CLANG_WARN_DIRECT_OBJC_ISA_USAGE = YES_ERROR;
				CLANG_WARN_DOCUMENTATION_COMMENTS = YES;
				CLANG_WARN_EMPTY_BODY = YES;
				CLANG_WARN_ENUM_CONVERSION = YES;
				CLANG_WARN_INFINITE_RECURSION = YES;
				CLANG_WARN_INT_CONVERSION = YES;
				CLANG_WARN_NON_LITERAL_NULL_CONVERSION = YES;
				CLANG_WARN_OBJC_IMPLICIT_RETAIN_SELF = YES;
				CLANG_WARN_OBJC_LITERAL_CONVERSION = YES;
				CLANG_WARN_OBJC_ROOT_CLASS = YES_ERROR;
				CLANG_WARN_RANGE_LOOP_ANALYSIS = YES;
				CLANG_WARN_STRICT_PROTOTYPES = YES;
				CLANG_WARN_SUSPICIOUS_MOVE = YES;
				CLANG_WARN_UNGUARDED_AVAILABILITY = YES_AGGRESSIVE;
				CLANG_WARN_UNREACHABLE_CODE = YES;
				CLANG_WARN__DUPLICATE_METHOD_MATCH = YES;
				COPY_PHASE_STRIP = NO;
				DEBUG_INFORMATION_FORMAT = "dwarf-with-dsym";
				ENABLE_NS_ASSERTIONS = NO;
				ENABLE_STRICT_OBJC_MSGSEND = YES;
				GCC_C_LANGUAGE_STANDARD = gnu11;
				GCC_NO_COMMON_BLOCKS = YES;
				GCC_WARN_64_TO_32_BIT_CONVERSION = YES;
				GCC_WARN_ABOUT_RETURN_TYPE = YES_ERROR;
				GCC_WARN_UNDECLARED_SELECTOR = YES;
				GCC_WARN_UNINITIALIZED_AUTOS = YES_AGGRESSIVE;
				GCC_WARN_UNUSED_FUNCTION = YES;
				GCC_WARN_UNUSED_VARIABLE = YES;
				IPHONEOS_DEPLOYMENT_TARGET = 13.7;
				MTL_ENABLE_DEBUG_INFO = NO;
				MTL_FAST_MATH = YES;
				SDKROOT = iphoneos;
				SWIFT_COMPILATION_MODE = wholemodule;
				SWIFT_OPTIMIZATION_LEVEL = "-O";
				VALIDATE_PRODUCT = YES;
			};
			name = Release;
		};
		8C89F0A72530A0440077C546 /* Debug */ = {
			isa = XCBuildConfiguration;
			buildSettings = {
				ASSETCATALOG_COMPILER_APPICON_NAME = AppIcon;
				CODE_SIGN_STYLE = Automatic;
				DEVELOPMENT_TEAM = 4VA5NBL27P;
				INFOPLIST_FILE = ARSampleEnvmapApp/Info.plist;
				LD_RUNPATH_SEARCH_PATHS = (
					"$(inherited)",
					"@executable_path/Frameworks",
				);
				PRODUCT_BUNDLE_IDENTIFIER = com.gmail.tukareta.nori.ARSampleEnvmapApp;
				PRODUCT_NAME = "$(TARGET_NAME)";
				SWIFT_VERSION = 5.0;
				TARGETED_DEVICE_FAMILY = "1,2";
			};
			name = Debug;
		};
		8C89F0A82530A0440077C546 /* Release */ = {
			isa = XCBuildConfiguration;
			buildSettings = {
				ASSETCATALOG_COMPILER_APPICON_NAME = AppIcon;
				CODE_SIGN_STYLE = Automatic;
				DEVELOPMENT_TEAM = 4VA5NBL27P;
				INFOPLIST_FILE = ARSampleEnvmapApp/Info.plist;
				LD_RUNPATH_SEARCH_PATHS = (
					"$(inherited)",
					"@executable_path/Frameworks",
				);
				PRODUCT_BUNDLE_IDENTIFIER = com.gmail.tukareta.nori.ARSampleEnvmapApp;
				PRODUCT_NAME = "$(TARGET_NAME)";
				SWIFT_VERSION = 5.0;
				TARGETED_DEVICE_FAMILY = "1,2";
			};
			name = Release;
		};
		8C89F0AA2530A0440077C546 /* Debug */ = {
			isa = XCBuildConfiguration;
			buildSettings = {
				ALWAYS_EMBED_SWIFT_STANDARD_LIBRARIES = YES;
				BUNDLE_LOADER = "$(TEST_HOST)";
				CODE_SIGN_STYLE = Automatic;
				DEVELOPMENT_TEAM = 4VA5NBL27P;
				INFOPLIST_FILE = ARSampleEnvmapAppTests/Info.plist;
				IPHONEOS_DEPLOYMENT_TARGET = 13.7;
				LD_RUNPATH_SEARCH_PATHS = (
					"$(inherited)",
					"@executable_path/Frameworks",
					"@loader_path/Frameworks",
				);
				PRODUCT_BUNDLE_IDENTIFIER = com.gmail.tukareta.nori.ARSampleEnvmapAppTests;
				PRODUCT_NAME = "$(TARGET_NAME)";
				SWIFT_VERSION = 5.0;
				TARGETED_DEVICE_FAMILY = "1,2";
				TEST_HOST = "$(BUILT_PRODUCTS_DIR)/ARSampleEnvmapApp.app/ARSampleEnvmapApp";
			};
			name = Debug;
		};
		8C89F0AB2530A0440077C546 /* Release */ = {
			isa = XCBuildConfiguration;
			buildSettings = {
				ALWAYS_EMBED_SWIFT_STANDARD_LIBRARIES = YES;
				BUNDLE_LOADER = "$(TEST_HOST)";
				CODE_SIGN_STYLE = Automatic;
				DEVELOPMENT_TEAM = 4VA5NBL27P;
				INFOPLIST_FILE = ARSampleEnvmapAppTests/Info.plist;
				IPHONEOS_DEPLOYMENT_TARGET = 13.7;
				LD_RUNPATH_SEARCH_PATHS = (
					"$(inherited)",
					"@executable_path/Frameworks",
					"@loader_path/Frameworks",
				);
				PRODUCT_BUNDLE_IDENTIFIER = com.gmail.tukareta.nori.ARSampleEnvmapAppTests;
				PRODUCT_NAME = "$(TARGET_NAME)";
				SWIFT_VERSION = 5.0;
				TARGETED_DEVICE_FAMILY = "1,2";
				TEST_HOST = "$(BUILT_PRODUCTS_DIR)/ARSampleEnvmapApp.app/ARSampleEnvmapApp";
			};
			name = Release;
		};
		8C89F0AD2530A0440077C546 /* Debug */ = {
			isa = XCBuildConfiguration;
			buildSettings = {
				ALWAYS_EMBED_SWIFT_STANDARD_LIBRARIES = YES;
				CODE_SIGN_STYLE = Automatic;
				DEVELOPMENT_TEAM = 4VA5NBL27P;
				INFOPLIST_FILE = ARSampleEnvmapAppUITests/Info.plist;
				LD_RUNPATH_SEARCH_PATHS = (
					"$(inherited)",
					"@executable_path/Frameworks",
					"@loader_path/Frameworks",
				);
				PRODUCT_BUNDLE_IDENTIFIER = com.gmail.tukareta.nori.ARSampleEnvmapAppUITests;
				PRODUCT_NAME = "$(TARGET_NAME)";
				SWIFT_VERSION = 5.0;
				TARGETED_DEVICE_FAMILY = "1,2";
				TEST_TARGET_NAME = ARSampleEnvmapApp;
			};
			name = Debug;
		};
		8C89F0AE2530A0440077C546 /* Release */ = {
			isa = XCBuildConfiguration;
			buildSettings = {
				ALWAYS_EMBED_SWIFT_STANDARD_LIBRARIES = YES;
				CODE_SIGN_STYLE = Automatic;
				DEVELOPMENT_TEAM = 4VA5NBL27P;
				INFOPLIST_FILE = ARSampleEnvmapAppUITests/Info.plist;
				LD_RUNPATH_SEARCH_PATHS = (
					"$(inherited)",
					"@executable_path/Frameworks",
					"@loader_path/Frameworks",
				);
				PRODUCT_BUNDLE_IDENTIFIER = com.gmail.tukareta.nori.ARSampleEnvmapAppUITests;
				PRODUCT_NAME = "$(TARGET_NAME)";
				SWIFT_VERSION = 5.0;
				TARGETED_DEVICE_FAMILY = "1,2";
				TEST_TARGET_NAME = ARSampleEnvmapApp;
			};
			name = Release;
		};
/* End XCBuildConfiguration section */

/* Begin XCConfigurationList section */
		8C89F0772530A0420077C546 /* Build configuration list for PBXProject "ARSampleEnvmapApp" */ = {
			isa = XCConfigurationList;
			buildConfigurations = (
				8C89F0A42530A0440077C546 /* Debug */,
				8C89F0A52530A0440077C546 /* Release */,
			);
			defaultConfigurationIsVisible = 0;
			defaultConfigurationName = Release;
		};
		8C89F0A62530A0440077C546 /* Build configuration list for PBXNativeTarget "ARSampleEnvmapApp" */ = {
			isa = XCConfigurationList;
			buildConfigurations = (
				8C89F0A72530A0440077C546 /* Debug */,
				8C89F0A82530A0440077C546 /* Release */,
			);
			defaultConfigurationIsVisible = 0;
			defaultConfigurationName = Release;
		};
		8C89F0A92530A0440077C546 /* Build configuration list for PBXNativeTarget "ARSampleEnvmapAppTests" */ = {
			isa = XCConfigurationList;
			buildConfigurations = (
				8C89F0AA2530A0440077C546 /* Debug */,
				8C89F0AB2530A0440077C546 /* Release */,
			);
			defaultConfigurationIsVisible = 0;
			defaultConfigurationName = Release;
		};
		8C89F0AC2530A0440077C546 /* Build configuration list for PBXNativeTarget "ARSampleEnvmapAppUITests" */ = {
			isa = XCConfigurationList;
			buildConfigurations = (
				8C89F0AD2530A0440077C546 /* Debug */,
				8C89F0AE2530A0440077C546 /* Release */,
			);
			defaultConfigurationIsVisible = 0;
			defaultConfigurationName = Release;
		};
/* End XCConfigurationList section */
	};
	rootObject = 8C89F0742530A0420077C546 /* Project object */;
}
