// !$*UTF8*$!
{
	archiveVersion = 1;
	classes = {
	};
	objectVersion = 50;
	objects = {

/* Begin PBXBuildFile section */
		8C89EF18252ECCE60077C546 /* AppDelegate.swift in Sources */ = {isa = PBXBuildFile; fileRef = 8C89EF17252ECCE60077C546 /* AppDelegate.swift */; };
		8C89EF1A252ECCE60077C546 /* art.scnassets in Resources */ = {isa = PBXBuildFile; fileRef = 8C89EF19252ECCE60077C546 /* art.scnassets */; };
		8C89EF1C252ECCE60077C546 /* ViewController.swift in Sources */ = {isa = PBXBuildFile; fileRef = 8C89EF1B252ECCE60077C546 /* ViewController.swift */; };
		8C89EF1F252ECCE60077C546 /* Main.storyboard in Resources */ = {isa = PBXBuildFile; fileRef = 8C89EF1D252ECCE60077C546 /* Main.storyboard */; };
		8C89EF21252ECCE70077C546 /* Assets.xcassets in Resources */ = {isa = PBXBuildFile; fileRef = 8C89EF20252ECCE70077C546 /* Assets.xcassets */; };
		8C89EF24252ECCE70077C546 /* LaunchScreen.storyboard in Resources */ = {isa = PBXBuildFile; fileRef = 8C89EF22252ECCE70077C546 /* LaunchScreen.storyboard */; };
		8C89EF2F252ECCE70077C546 /* ARSphereAppTests.swift in Sources */ = {isa = PBXBuildFile; fileRef = 8C89EF2E252ECCE70077C546 /* ARSphereAppTests.swift */; };
		8C89EF3A252ECCE70077C546 /* ARSphereAppUITests.swift in Sources */ = {isa = PBXBuildFile; fileRef = 8C89EF39252ECCE70077C546 /* ARSphereAppUITests.swift */; };
/* End PBXBuildFile section */

/* Begin PBXContainerItemProxy section */
		8C89EF2B252ECCE70077C546 /* PBXContainerItemProxy */ = {
			isa = PBXContainerItemProxy;
			containerPortal = 8C89EF0C252ECCE60077C546 /* Project object */;
			proxyType = 1;
			remoteGlobalIDString = 8C89EF13252ECCE60077C546;
			remoteInfo = ARSphereApp;
		};
		8C89EF36252ECCE70077C546 /* PBXContainerItemProxy */ = {
			isa = PBXContainerItemProxy;
			containerPortal = 8C89EF0C252ECCE60077C546 /* Project object */;
			proxyType = 1;
			remoteGlobalIDString = 8C89EF13252ECCE60077C546;
			remoteInfo = ARSphereApp;
		};
/* End PBXContainerItemProxy section */

/* Begin PBXFileReference section */
		8C89EF14252ECCE60077C546 /* ARSphereApp.app */ = {isa = PBXFileReference; explicitFileType = wrapper.application; includeInIndex = 0; path = ARSphereApp.app; sourceTree = BUILT_PRODUCTS_DIR; };
		8C89EF17252ECCE60077C546 /* AppDelegate.swift */ = {isa = PBXFileReference; lastKnownFileType = sourcecode.swift; path = AppDelegate.swift; sourceTree = "<group>"; };
		8C89EF19252ECCE60077C546 /* art.scnassets */ = {isa = PBXFileReference; lastKnownFileType = wrapper.scnassets; path = art.scnassets; sourceTree = "<group>"; };
		8C89EF1B252ECCE60077C546 /* ViewController.swift */ = {isa = PBXFileReference; lastKnownFileType = sourcecode.swift; path = ViewController.swift; sourceTree = "<group>"; };
		8C89EF1E252ECCE60077C546 /* Base */ = {isa = PBXFileReference; lastKnownFileType = file.storyboard; name = Base; path = Base.lproj/Main.storyboard; sourceTree = "<group>"; };
		8C89EF20252ECCE70077C546 /* Assets.xcassets */ = {isa = PBXFileReference; lastKnownFileType = folder.assetcatalog; path = Assets.xcassets; sourceTree = "<group>"; };
		8C89EF23252ECCE70077C546 /* Base */ = {isa = PBXFileReference; lastKnownFileType = file.storyboard; name = Base; path = Base.lproj/LaunchScreen.storyboard; sourceTree = "<group>"; };
		8C89EF25252ECCE70077C546 /* Info.plist */ = {isa = PBXFileReference; lastKnownFileType = text.plist.xml; path = Info.plist; sourceTree = "<group>"; };
		8C89EF2A252ECCE70077C546 /* ARSphereAppTests.xctest */ = {isa = PBXFileReference; explicitFileType = wrapper.cfbundle; includeInIndex = 0; path = ARSphereAppTests.xctest; sourceTree = BUILT_PRODUCTS_DIR; };
		8C89EF2E252ECCE70077C546 /* ARSphereAppTests.swift */ = {isa = PBXFileReference; lastKnownFileType = sourcecode.swift; path = ARSphereAppTests.swift; sourceTree = "<group>"; };
		8C89EF30252ECCE70077C546 /* Info.plist */ = {isa = PBXFileReference; lastKnownFileType = text.plist.xml; path = Info.plist; sourceTree = "<group>"; };
		8C89EF35252ECCE70077C546 /* ARSphereAppUITests.xctest */ = {isa = PBXFileReference; explicitFileType = wrapper.cfbundle; includeInIndex = 0; path = ARSphereAppUITests.xctest; sourceTree = BUILT_PRODUCTS_DIR; };
		8C89EF39252ECCE70077C546 /* ARSphereAppUITests.swift */ = {isa = PBXFileReference; lastKnownFileType = sourcecode.swift; path = ARSphereAppUITests.swift; sourceTree = "<group>"; };
		8C89EF3B252ECCE70077C546 /* Info.plist */ = {isa = PBXFileReference; lastKnownFileType = text.plist.xml; path = Info.plist; sourceTree = "<group>"; };
/* End PBXFileReference section */

/* Begin PBXFrameworksBuildPhase section */
		8C89EF11252ECCE60077C546 /* Frameworks */ = {
			isa = PBXFrameworksBuildPhase;
			buildActionMask = 2147483647;
			files = (
			);
			runOnlyForDeploymentPostprocessing = 0;
		};
		8C89EF27252ECCE70077C546 /* Frameworks */ = {
			isa = PBXFrameworksBuildPhase;
			buildActionMask = 2147483647;
			files = (
			);
			runOnlyForDeploymentPostprocessing = 0;
		};
		8C89EF32252ECCE70077C546 /* Frameworks */ = {
			isa = PBXFrameworksBuildPhase;
			buildActionMask = 2147483647;
			files = (
			);
			runOnlyForDeploymentPostprocessing = 0;
		};
/* End PBXFrameworksBuildPhase section */

/* Begin PBXGroup section */
		8C89EF0B252ECCE60077C546 = {
			isa = PBXGroup;
			children = (
				8C89EF16252ECCE60077C546 /* ARSphereApp */,
				8C89EF2D252ECCE70077C546 /* ARSphereAppTests */,
				8C89EF38252ECCE70077C546 /* ARSphereAppUITests */,
				8C89EF15252ECCE60077C546 /* Products */,
			);
			sourceTree = "<group>";
		};
		8C89EF15252ECCE60077C546 /* Products */ = {
			isa = PBXGroup;
			children = (
				8C89EF14252ECCE60077C546 /* ARSphereApp.app */,
				8C89EF2A252ECCE70077C546 /* ARSphereAppTests.xctest */,
				8C89EF35252ECCE70077C546 /* ARSphereAppUITests.xctest */,
			);
			name = Products;
			sourceTree = "<group>";
		};
		8C89EF16252ECCE60077C546 /* ARSphereApp */ = {
			isa = PBXGroup;
			children = (
				8C89EF17252ECCE60077C546 /* AppDelegate.swift */,
				8C89EF19252ECCE60077C546 /* art.scnassets */,
				8C89EF1B252ECCE60077C546 /* ViewController.swift */,
				8C89EF1D252ECCE60077C546 /* Main.storyboard */,
				8C89EF20252ECCE70077C546 /* Assets.xcassets */,
				8C89EF22252ECCE70077C546 /* LaunchScreen.storyboard */,
				8C89EF25252ECCE70077C546 /* Info.plist */,
			);
			path = ARSphereApp;
			sourceTree = "<group>";
		};
		8C89EF2D252ECCE70077C546 /* ARSphereAppTests */ = {
			isa = PBXGroup;
			children = (
				8C89EF2E252ECCE70077C546 /* ARSphereAppTests.swift */,
				8C89EF30252ECCE70077C546 /* Info.plist */,
			);
			path = ARSphereAppTests;
			sourceTree = "<group>";
		};
		8C89EF38252ECCE70077C546 /* ARSphereAppUITests */ = {
			isa = PBXGroup;
			children = (
				8C89EF39252ECCE70077C546 /* ARSphereAppUITests.swift */,
				8C89EF3B252ECCE70077C546 /* Info.plist */,
			);
			path = ARSphereAppUITests;
			sourceTree = "<group>";
		};
/* End PBXGroup section */

/* Begin PBXNativeTarget section */
		8C89EF13252ECCE60077C546 /* ARSphereApp */ = {
			isa = PBXNativeTarget;
			buildConfigurationList = 8C89EF3E252ECCE70077C546 /* Build configuration list for PBXNativeTarget "ARSphereApp" */;
			buildPhases = (
				8C89EF10252ECCE60077C546 /* Sources */,
				8C89EF11252ECCE60077C546 /* Frameworks */,
				8C89EF12252ECCE60077C546 /* Resources */,
			);
			buildRules = (
			);
			dependencies = (
			);
			name = ARSphereApp;
			productName = ARSphereApp;
			productReference = 8C89EF14252ECCE60077C546 /* ARSphereApp.app */;
			productType = "com.apple.product-type.application";
		};
		8C89EF29252ECCE70077C546 /* ARSphereAppTests */ = {
			isa = PBXNativeTarget;
			buildConfigurationList = 8C89EF41252ECCE70077C546 /* Build configuration list for PBXNativeTarget "ARSphereAppTests" */;
			buildPhases = (
				8C89EF26252ECCE70077C546 /* Sources */,
				8C89EF27252ECCE70077C546 /* Frameworks */,
				8C89EF28252ECCE70077C546 /* Resources */,
			);
			buildRules = (
			);
			dependencies = (
				8C89EF2C252ECCE70077C546 /* PBXTargetDependency */,
			);
			name = ARSphereAppTests;
			productName = ARSphereAppTests;
			productReference = 8C89EF2A252ECCE70077C546 /* ARSphereAppTests.xctest */;
			productType = "com.apple.product-type.bundle.unit-test";
		};
		8C89EF34252ECCE70077C546 /* ARSphereAppUITests */ = {
			isa = PBXNativeTarget;
			buildConfigurationList = 8C89EF44252ECCE70077C546 /* Build configuration list for PBXNativeTarget "ARSphereAppUITests" */;
			buildPhases = (
				8C89EF31252ECCE70077C546 /* Sources */,
				8C89EF32252ECCE70077C546 /* Frameworks */,
				8C89EF33252ECCE70077C546 /* Resources */,
			);
			buildRules = (
			);
			dependencies = (
				8C89EF37252ECCE70077C546 /* PBXTargetDependency */,
			);
			name = ARSphereAppUITests;
			productName = ARSphereAppUITests;
			productReference = 8C89EF35252ECCE70077C546 /* ARSphereAppUITests.xctest */;
			productType = "com.apple.product-type.bundle.ui-testing";
		};
/* End PBXNativeTarget section */

/* Begin PBXProject section */
		8C89EF0C252ECCE60077C546 /* Project object */ = {
			isa = PBXProject;
			attributes = {
				LastSwiftUpdateCheck = 1170;
				LastUpgradeCheck = 1170;
				ORGANIZATIONNAME = "尾原徳泰";
				TargetAttributes = {
					8C89EF13252ECCE60077C546 = {
						CreatedOnToolsVersion = 11.7;
					};
					8C89EF29252ECCE70077C546 = {
						CreatedOnToolsVersion = 11.7;
						TestTargetID = 8C89EF13252ECCE60077C546;
					};
					8C89EF34252ECCE70077C546 = {
						CreatedOnToolsVersion = 11.7;
						TestTargetID = 8C89EF13252ECCE60077C546;
					};
				};
			};
			buildConfigurationList = 8C89EF0F252ECCE60077C546 /* Build configuration list for PBXProject "ARSphereApp" */;
			compatibilityVersion = "Xcode 9.3";
			developmentRegion = en;
			hasScannedForEncodings = 0;
			knownRegions = (
				en,
				Base,
			);
			mainGroup = 8C89EF0B252ECCE60077C546;
			productRefGroup = 8C89EF15252ECCE60077C546 /* Products */;
			projectDirPath = "";
			projectRoot = "";
			targets = (
				8C89EF13252ECCE60077C546 /* ARSphereApp */,
				8C89EF29252ECCE70077C546 /* ARSphereAppTests */,
				8C89EF34252ECCE70077C546 /* ARSphereAppUITests */,
			);
		};
/* End PBXProject section */

/* Begin PBXResourcesBuildPhase section */
		8C89EF12252ECCE60077C546 /* Resources */ = {
			isa = PBXResourcesBuildPhase;
			buildActionMask = 2147483647;
			files = (
				8C89EF1A252ECCE60077C546 /* art.scnassets in Resources */,
				8C89EF24252ECCE70077C546 /* LaunchScreen.storyboard in Resources */,
				8C89EF21252ECCE70077C546 /* Assets.xcassets in Resources */,
				8C89EF1F252ECCE60077C546 /* Main.storyboard in Resources */,
			);
			runOnlyForDeploymentPostprocessing = 0;
		};
		8C89EF28252ECCE70077C546 /* Resources */ = {
			isa = PBXResourcesBuildPhase;
			buildActionMask = 2147483647;
			files = (
			);
			runOnlyForDeploymentPostprocessing = 0;
		};
		8C89EF33252ECCE70077C546 /* Resources */ = {
			isa = PBXResourcesBuildPhase;
			buildActionMask = 2147483647;
			files = (
			);
			runOnlyForDeploymentPostprocessing = 0;
		};
/* End PBXResourcesBuildPhase section */

/* Begin PBXSourcesBuildPhase section */
		8C89EF10252ECCE60077C546 /* Sources */ = {
			isa = PBXSourcesBuildPhase;
			buildActionMask = 2147483647;
			files = (
				8C89EF1C252ECCE60077C546 /* ViewController.swift in Sources */,
				8C89EF18252ECCE60077C546 /* AppDelegate.swift in Sources */,
			);
			runOnlyForDeploymentPostprocessing = 0;
		};
		8C89EF26252ECCE70077C546 /* Sources */ = {
			isa = PBXSourcesBuildPhase;
			buildActionMask = 2147483647;
			files = (
				8C89EF2F252ECCE70077C546 /* ARSphereAppTests.swift in Sources */,
			);
			runOnlyForDeploymentPostprocessing = 0;
		};
		8C89EF31252ECCE70077C546 /* Sources */ = {
			isa = PBXSourcesBuildPhase;
			buildActionMask = 2147483647;
			files = (
				8C89EF3A252ECCE70077C546 /* ARSphereAppUITests.swift in Sources */,
			);
			runOnlyForDeploymentPostprocessing = 0;
		};
/* End PBXSourcesBuildPhase section */

/* Begin PBXTargetDependency section */
		8C89EF2C252ECCE70077C546 /* PBXTargetDependency */ = {
			isa = PBXTargetDependency;
			target = 8C89EF13252ECCE60077C546 /* ARSphereApp */;
			targetProxy = 8C89EF2B252ECCE70077C546 /* PBXContainerItemProxy */;
		};
		8C89EF37252ECCE70077C546 /* PBXTargetDependency */ = {
			isa = PBXTargetDependency;
			target = 8C89EF13252ECCE60077C546 /* ARSphereApp */;
			targetProxy = 8C89EF36252ECCE70077C546 /* PBXContainerItemProxy */;
		};
/* End PBXTargetDependency section */

/* Begin PBXVariantGroup section */
		8C89EF1D252ECCE60077C546 /* Main.storyboard */ = {
			isa = PBXVariantGroup;
			children = (
				8C89EF1E252ECCE60077C546 /* Base */,
			);
			name = Main.storyboard;
			sourceTree = "<group>";
		};
		8C89EF22252ECCE70077C546 /* LaunchScreen.storyboard */ = {
			isa = PBXVariantGroup;
			children = (
				8C89EF23252ECCE70077C546 /* Base */,
			);
			name = LaunchScreen.storyboard;
			sourceTree = "<group>";
		};
/* End PBXVariantGroup section */

/* Begin XCBuildConfiguration section */
		8C89EF3C252ECCE70077C546 /* Debug */ = {
			isa = XCBuildConfiguration;
			buildSettings = {
				ALWAYS_SEARCH_USER_PATHS = NO;
				CLANG_ANALYZER_NONNULL = YES;
				CLANG_ANALYZER_NUMBER_OBJECT_CONVERSION = YES_AGGRESSIVE;
				CLANG_CXX_LANGUAGE_STANDARD = "gnu++14";
				CLANG_CXX_LIBRARY = "libc++";
				CLANG_ENABLE_MODULES = YES;
				CLANG_ENABLE_OBJC_ARC = YES;
				CLANG_ENABLE_OBJC_WEAK = YES;
				CLANG_WARN_BLOCK_CAPTURE_AUTORELEASING = YES;
				CLANG_WARN_BOOL_CONVERSION = YES;
				CLANG_WARN_COMMA = YES;
				CLANG_WARN_CONSTANT_CONVERSION = YES;
				CLANG_WARN_DEPRECATED_OBJC_IMPLEMENTATIONS = YES;
				CLANG_WARN_DIRECT_OBJC_ISA_USAGE = YES_ERROR;
				CLANG_WARN_DOCUMENTATION_COMMENTS = YES;
				CLANG_WARN_EMPTY_BODY = YES;
				CLANG_WARN_ENUM_CONVERSION = YES;
				CLANG_WARN_INFINITE_RECURSION = YES;
				CLANG_WARN_INT_CONVERSION = YES;
				CLANG_WARN_NON_LITERAL_NULL_CONVERSION = YES;
				CLANG_WARN_OBJC_IMPLICIT_RETAIN_SELF = YES;
				CLANG_WARN_OBJC_LITERAL_CONVERSION = YES;
				CLANG_WARN_OBJC_ROOT_CLASS = YES_ERROR;
				CLANG_WARN_RANGE_LOOP_ANALYSIS = YES;
				CLANG_WARN_STRICT_PROTOTYPES = YES;
				CLANG_WARN_SUSPICIOUS_MOVE = YES;
				CLANG_WARN_UNGUARDED_AVAILABILITY = YES_AGGRESSIVE;
				CLANG_WARN_UNREACHABLE_CODE = YES;
				CLANG_WARN__DUPLICATE_METHOD_MATCH = YES;
				COPY_PHASE_STRIP = NO;
				DEBUG_INFORMATION_FORMAT = dwarf;
				ENABLE_STRICT_OBJC_MSGSEND = YES;
				ENABLE_TESTABILITY = YES;
				GCC_C_LANGUAGE_STANDARD = gnu11;
				GCC_DYNAMIC_NO_PIC = NO;
				GCC_NO_COMMON_BLOCKS = YES;
				GCC_OPTIMIZATION_LEVEL = 0;
				GCC_PREPROCESSOR_DEFINITIONS = (
					"DEBUG=1",
					"$(inherited)",
				);
				GCC_WARN_64_TO_32_BIT_CONVERSION = YES;
				GCC_WARN_ABOUT_RETURN_TYPE = YES_ERROR;
				GCC_WARN_UNDECLARED_SELECTOR = YES;
				GCC_WARN_UNINITIALIZED_AUTOS = YES_AGGRESSIVE;
				GCC_WARN_UNUSED_FUNCTION = YES;
				GCC_WARN_UNUSED_VARIABLE = YES;
				IPHONEOS_DEPLOYMENT_TARGET = 13.7;
				MTL_ENABLE_DEBUG_INFO = INCLUDE_SOURCE;
				MTL_FAST_MATH = YES;
				ONLY_ACTIVE_ARCH = YES;
				SDKROOT = iphoneos;
				SWIFT_ACTIVE_COMPILATION_CONDITIONS = DEBUG;
				SWIFT_OPTIMIZATION_LEVEL = "-Onone";
			};
			name = Debug;
		};
		8C89EF3D252ECCE70077C546 /* Release */ = {
			isa = XCBuildConfiguration;
			buildSettings = {
				ALWAYS_SEARCH_USER_PATHS = NO;
				CLANG_ANALYZER_NONNULL = YES;
				CLANG_ANALYZER_NUMBER_OBJECT_CONVERSION = YES_AGGRESSIVE;
				CLANG_CXX_LANGUAGE_STANDARD = "gnu++14";
				CLANG_CXX_LIBRARY = "libc++";
				CLANG_ENABLE_MODULES = YES;
				CLANG_ENABLE_OBJC_ARC = YES;
				CLANG_ENABLE_OBJC_WEAK = YES;
				CLANG_WARN_BLOCK_CAPTURE_AUTORELEASING = YES;
				CLANG_WARN_BOOL_CONVERSION = YES;
				CLANG_WARN_COMMA = YES;
				CLANG_WARN_CONSTANT_CONVERSION = YES;
				CLANG_WARN_DEPRECATED_OBJC_IMPLEMENTATIONS = YES;
				CLANG_WARN_DIRECT_OBJC_ISA_USAGE = YES_ERROR;
				CLANG_WARN_DOCUMENTATION_COMMENTS = YES;
				CLANG_WARN_EMPTY_BODY = YES;
				CLANG_WARN_ENUM_CONVERSION = YES;
				CLANG_WARN_INFINITE_RECURSION = YES;
				CLANG_WARN_INT_CONVERSION = YES;
				CLANG_WARN_NON_LITERAL_NULL_CONVERSION = YES;
				CLANG_WARN_OBJC_IMPLICIT_RETAIN_SELF = YES;
				CLANG_WARN_OBJC_LITERAL_CONVERSION = YES;
				CLANG_WARN_OBJC_ROOT_CLASS = YES_ERROR;
				CLANG_WARN_RANGE_LOOP_ANALYSIS = YES;
				CLANG_WARN_STRICT_PROTOTYPES = YES;
				CLANG_WARN_SUSPICIOUS_MOVE = YES;
				CLANG_WARN_UNGUARDED_AVAILABILITY = YES_AGGRESSIVE;
				CLANG_WARN_UNREACHABLE_CODE = YES;
				CLANG_WARN__DUPLICATE_METHOD_MATCH = YES;
				COPY_PHASE_STRIP = NO;
				DEBUG_INFORMATION_FORMAT = "dwarf-with-dsym";
				ENABLE_NS_ASSERTIONS = NO;
				ENABLE_STRICT_OBJC_MSGSEND = YES;
				GCC_C_LANGUAGE_STANDARD = gnu11;
				GCC_NO_COMMON_BLOCKS = YES;
				GCC_WARN_64_TO_32_BIT_CONVERSION = YES;
				GCC_WARN_ABOUT_RETURN_TYPE = YES_ERROR;
				GCC_WARN_UNDECLARED_SELECTOR = YES;
				GCC_WARN_UNINITIALIZED_AUTOS = YES_AGGRESSIVE;
				GCC_WARN_UNUSED_FUNCTION = YES;
				GCC_WARN_UNUSED_VARIABLE = YES;
				IPHONEOS_DEPLOYMENT_TARGET = 13.7;
				MTL_ENABLE_DEBUG_INFO = NO;
				MTL_FAST_MATH = YES;
				SDKROOT = iphoneos;
				SWIFT_COMPILATION_MODE = wholemodule;
				SWIFT_OPTIMIZATION_LEVEL = "-O";
				VALIDATE_PRODUCT = YES;
			};
			name = Release;
		};
		8C89EF3F252ECCE70077C546 /* Debug */ = {
			isa = XCBuildConfiguration;
			buildSettings = {
				ASSETCATALOG_COMPILER_APPICON_NAME = AppIcon;
				CODE_SIGN_STYLE = Automatic;
				DEVELOPMENT_TEAM = 4VA5NBL27P;
				INFOPLIST_FILE = ARSphereApp/Info.plist;
				LD_RUNPATH_SEARCH_PATHS = (
					"$(inherited)",
					"@executable_path/Frameworks",
				);
				PRODUCT_BUNDLE_IDENTIFIER = com.gmail.tukareta.nori.ARSphereApp;
				PRODUCT_NAME = "$(TARGET_NAME)";
				SWIFT_VERSION = 5.0;
				TARGETED_DEVICE_FAMILY = "1,2";
			};
			name = Debug;
		};
		8C89EF40252ECCE70077C546 /* Release */ = {
			isa = XCBuildConfiguration;
			buildSettings = {
				ASSETCATALOG_COMPILER_APPICON_NAME = AppIcon;
				CODE_SIGN_STYLE = Automatic;
				DEVELOPMENT_TEAM = 4VA5NBL27P;
				INFOPLIST_FILE = ARSphereApp/Info.plist;
				LD_RUNPATH_SEARCH_PATHS = (
					"$(inherited)",
					"@executable_path/Frameworks",
				);
				PRODUCT_BUNDLE_IDENTIFIER = com.gmail.tukareta.nori.ARSphereApp;
				PRODUCT_NAME = "$(TARGET_NAME)";
				SWIFT_VERSION = 5.0;
				TARGETED_DEVICE_FAMILY = "1,2";
			};
			name = Release;
		};
		8C89EF42252ECCE70077C546 /* Debug */ = {
			isa = XCBuildConfiguration;
			buildSettings = {
				ALWAYS_EMBED_SWIFT_STANDARD_LIBRARIES = YES;
				BUNDLE_LOADER = "$(TEST_HOST)";
				CODE_SIGN_STYLE = Automatic;
				DEVELOPMENT_TEAM = 4VA5NBL27P;
				INFOPLIST_FILE = ARSphereAppTests/Info.plist;
				IPHONEOS_DEPLOYMENT_TARGET = 13.7;
				LD_RUNPATH_SEARCH_PATHS = (
					"$(inherited)",
					"@executable_path/Frameworks",
					"@loader_path/Frameworks",
				);
				PRODUCT_BUNDLE_IDENTIFIER = com.gmail.tukareta.nori.ARSphereAppTests;
				PRODUCT_NAME = "$(TARGET_NAME)";
				SWIFT_VERSION = 5.0;
				TARGETED_DEVICE_FAMILY = "1,2";
				TEST_HOST = "$(BUILT_PRODUCTS_DIR)/ARSphereApp.app/ARSphereApp";
			};
			name = Debug;
		};
		8C89EF43252ECCE70077C546 /* Release */ = {
			isa = XCBuildConfiguration;
			buildSettings = {
				ALWAYS_EMBED_SWIFT_STANDARD_LIBRARIES = YES;
				BUNDLE_LOADER = "$(TEST_HOST)";
				CODE_SIGN_STYLE = Automatic;
				DEVELOPMENT_TEAM = 4VA5NBL27P;
				INFOPLIST_FILE = ARSphereAppTests/Info.plist;
				IPHONEOS_DEPLOYMENT_TARGET = 13.7;
				LD_RUNPATH_SEARCH_PATHS = (
					"$(inherited)",
					"@executable_path/Frameworks",
					"@loader_path/Frameworks",
				);
				PRODUCT_BUNDLE_IDENTIFIER = com.gmail.tukareta.nori.ARSphereAppTests;
				PRODUCT_NAME = "$(TARGET_NAME)";
				SWIFT_VERSION = 5.0;
				TARGETED_DEVICE_FAMILY = "1,2";
				TEST_HOST = "$(BUILT_PRODUCTS_DIR)/ARSphereApp.app/ARSphereApp";
			};
			name = Release;
		};
		8C89EF45252ECCE70077C546 /* Debug */ = {
			isa = XCBuildConfiguration;
			buildSettings = {
				ALWAYS_EMBED_SWIFT_STANDARD_LIBRARIES = YES;
				CODE_SIGN_STYLE = Automatic;
				DEVELOPMENT_TEAM = 4VA5NBL27P;
				INFOPLIST_FILE = ARSphereAppUITests/Info.plist;
				LD_RUNPATH_SEARCH_PATHS = (
					"$(inherited)",
					"@executable_path/Frameworks",
					"@loader_path/Frameworks",
				);
				PRODUCT_BUNDLE_IDENTIFIER = com.gmail.tukareta.nori.ARSphereAppUITests;
				PRODUCT_NAME = "$(TARGET_NAME)";
				SWIFT_VERSION = 5.0;
				TARGETED_DEVICE_FAMILY = "1,2";
				TEST_TARGET_NAME = ARSphereApp;
			};
			name = Debug;
		};
		8C89EF46252ECCE70077C546 /* Release */ = {
			isa = XCBuildConfiguration;
			buildSettings = {
				ALWAYS_EMBED_SWIFT_STANDARD_LIBRARIES = YES;
				CODE_SIGN_STYLE = Automatic;
				DEVELOPMENT_TEAM = 4VA5NBL27P;
				INFOPLIST_FILE = ARSphereAppUITests/Info.plist;
				LD_RUNPATH_SEARCH_PATHS = (
					"$(inherited)",
					"@executable_path/Frameworks",
					"@loader_path/Frameworks",
				);
				PRODUCT_BUNDLE_IDENTIFIER = com.gmail.tukareta.nori.ARSphereAppUITests;
				PRODUCT_NAME = "$(TARGET_NAME)";
				SWIFT_VERSION = 5.0;
				TARGETED_DEVICE_FAMILY = "1,2";
				TEST_TARGET_NAME = ARSphereApp;
			};
			name = Release;
		};
/* End XCBuildConfiguration section */

/* Begin XCConfigurationList section */
		8C89EF0F252ECCE60077C546 /* Build configuration list for PBXProject "ARSphereApp" */ = {
			isa = XCConfigurationList;
			buildConfigurations = (
				8C89EF3C252ECCE70077C546 /* Debug */,
				8C89EF3D252ECCE70077C546 /* Release */,
			);
			defaultConfigurationIsVisible = 0;
			defaultConfigurationName = Release;
		};
		8C89EF3E252ECCE70077C546 /* Build configuration list for PBXNativeTarget "ARSphereApp" */ = {
			isa = XCConfigurationList;
			buildConfigurations = (
				8C89EF3F252ECCE70077C546 /* Debug */,
				8C89EF40252ECCE70077C546 /* Release */,
			);
			defaultConfigurationIsVisible = 0;
			defaultConfigurationName = Release;
		};
		8C89EF41252ECCE70077C546 /* Build configuration list for PBXNativeTarget "ARSphereAppTests" */ = {
			isa = XCConfigurationList;
			buildConfigurations = (
				8C89EF42252ECCE70077C546 /* Debug */,
				8C89EF43252ECCE70077C546 /* Release */,
			);
			defaultConfigurationIsVisible = 0;
			defaultConfigurationName = Release;
		};
		8C89EF44252ECCE70077C546 /* Build configuration list for PBXNativeTarget "ARSphereAppUITests" */ = {
			isa = XCConfigurationList;
			buildConfigurations = (
				8C89EF45252ECCE70077C546 /* Debug */,
				8C89EF46252ECCE70077C546 /* Release */,
			);
			defaultConfigurationIsVisible = 0;
			defaultConfigurationName = Release;
		};
/* End XCConfigurationList section */
	};
	rootObject = 8C89EF0C252ECCE60077C546 /* Project object */;
}
